
Microsoft Visual Studio Solution File, Format Version 12.00
Project("{2150E333-8FDC-42A3-9474-1A3956D46DE8}") = "2018", "2018", "{ABEAC6AC-E26A-4CC5-BC3E-D1035DC68D7D}"
EndProject
Project("{2150E333-8FDC-42A3-9474-1A3956D46DE8}") = "2019", "2019", "{12B90817-4444-46D5-A9FD-5D3A5E704508}"
EndProject
Project("{FAE04EC0-301F-11D3-BF4B-00C04F79EFBC}") = "Day 01", "2019\Day 01\Day 01.csproj", "{E060F41A-2B99-4C6E-AE8A-D97E724CFB5B}"
EndProject
Project("{FAE04EC0-301F-11D3-BF4B-00C04F79EFBC}") = "Shared", "Shared\Shared.csproj", "{895A301F-D5D8-408C-92DF-DE770789F14D}"
EndProject
Project("{2150E333-8FDC-42A3-9474-1A3956D46DE8}") = "2023", "2023", "{454D8F45-62B6-4373-A418-6310607225F4}"
EndProject
Project("{FAE04EC0-301F-11D3-BF4B-00C04F79EFBC}") = "Day 01", "2023\Day 01\Day 01.csproj", "{36D81B4E-5310-4AE3-A1A8-F93CA3C7B3CE}"
EndProject
Project("{FAE04EC0-301F-11D3-BF4B-00C04F79EFBC}") = "Day 02", "2023\Day 02\Day 02.csproj", "{7550CB7B-B6ED-4ED1-82F0-28DB12EA4794}"
EndProject
Project("{FAE04EC0-301F-11D3-BF4B-00C04F79EFBC}") = "Day 03", "2023\Day 03\Day 03.csproj", "{A338B425-66C6-4D5E-9EC0-E5D08EF3AF5F}"
EndProject
Project("{FAE04EC0-301F-11D3-BF4B-00C04F79EFBC}") = "Day 04", "2023\Day 04\Day 04.csproj", "{941DDE55-FAED-4A91-B0ED-0F6A72F49997}"
EndProject
Project("{FAE04EC0-301F-11D3-BF4B-00C04F79EFBC}") = "Day 05", "2023\Day 05\Day 05.csproj", "{09415A3A-D0C5-41B3-88AF-148A4EB9F417}"
EndProject
Project("{FAE04EC0-301F-11D3-BF4B-00C04F79EFBC}") = "Day 06", "2023\Day 06\Day 06.csproj", "{8541C4E9-0FE2-4FF9-AD0F-A3186299ADAC}"
EndProject
Project("{FAE04EC0-301F-11D3-BF4B-00C04F79EFBC}") = "Day 07", "2023\Day 07\Day 07.csproj", "{C2CE8346-1618-4770-9344-793299A1A5DA}"
EndProject
Project("{2150E333-8FDC-42A3-9474-1A3956D46DE8}") = "Tests", "Tests", "{554762E7-922F-4A5F-843F-E89C0F617F9B}"
EndProject
Project("{FAE04EC0-301F-11D3-BF4B-00C04F79EFBC}") = "Day 01 Tests", "2019\Tests\Day 01 Tests\Day 01 Tests.csproj", "{D51CB8FE-9B9E-478D-A6F9-EE99C91E5D04}"
EndProject
Project("{2150E333-8FDC-42A3-9474-1A3956D46DE8}") = "Tests", "Tests", "{7A786A07-FE46-4564-9F0D-6FD093F04A30}"
EndProject
Project("{FAE04EC0-301F-11D3-BF4B-00C04F79EFBC}") = "Day 08", "2023\Day 08\Day 08.csproj", "{7AED58C3-3675-46C8-A1D2-4B8580097341}"
EndProject
Project("{FAE04EC0-301F-11D3-BF4B-00C04F79EFBC}") = "Day 09", "2023\Day 09\Day 09.csproj", "{7E82E4EC-CBEF-4942-934D-A71D8D2DC427}"
EndProject
Project("{FAE04EC0-301F-11D3-BF4B-00C04F79EFBC}") = "Day 10", "2023\Day 10\Day 10.csproj", "{30FD85DB-BE61-4A11-A451-2900432B69AD}"
EndProject
Project("{FAE04EC0-301F-11D3-BF4B-00C04F79EFBC}") = "Day 11", "2023\Day 11\Day 11.csproj", "{6E55E52D-DE51-4AA5-8A03-DA89A30CA223}"
EndProject
Project("{FAE04EC0-301F-11D3-BF4B-00C04F79EFBC}") = "Day 12", "2023\Day 12\Day 12.csproj", "{15DABD71-8531-4213-9225-14CD321F56DD}"
EndProject
Project("{FAE04EC0-301F-11D3-BF4B-00C04F79EFBC}") = "Day 13", "2023\Day 13\Day 13.csproj", "{71137820-B91C-4485-9B44-411427D6AADC}"
EndProject
Project("{FAE04EC0-301F-11D3-BF4B-00C04F79EFBC}") = "Day 14", "2023\Day 14\Day 14.csproj", "{D5DF85B4-BA54-4546-A04F-81DD581E782A}"
EndProject
Project("{FAE04EC0-301F-11D3-BF4B-00C04F79EFBC}") = "Day 15", "2023\Day 15\Day 15.csproj", "{2335ED6F-1E43-4593-BD9D-65FE2BFF61CE}"
EndProject
Project("{FAE04EC0-301F-11D3-BF4B-00C04F79EFBC}") = "Day 16", "2023\Day 16\Day 16.csproj", "{37A817FE-3FD4-4E64-8308-03501239FC8D}"
EndProject
Project("{FAE04EC0-301F-11D3-BF4B-00C04F79EFBC}") = "Tests", "2023\Tests\Tests.csproj", "{61973B03-E357-4820-8B67-9523059988D0}"
EndProject
Project("{FAE04EC0-301F-11D3-BF4B-00C04F79EFBC}") = "Day 01", "2018\Day 01\Day 01.csproj", "{DCF80265-F335-480B-937F-5238179C6EFE}"
EndProject
Project("{FAE04EC0-301F-11D3-BF4B-00C04F79EFBC}") = "Day 02", "2018\Day 02\Day 02.csproj", "{8B5456B8-5ACD-4A8B-8615-EF958CCE1976}"
EndProject
Project("{2150E333-8FDC-42A3-9474-1A3956D46DE8}") = "Templates", "Templates", "{4EAC914C-37C7-4694-A931-13F19F2B916B}"
EndProject
Project("{FAE04EC0-301F-11D3-BF4B-00C04F79EFBC}") = "AoC", "Templates\AoC\AoC.csproj", "{9AB173DC-E82E-4E93-A727-4A0146892E1D}"
EndProject
Project("{FAE04EC0-301F-11D3-BF4B-00C04F79EFBC}") = "Day 03", "2018\Day 03\Day 03.csproj", "{CBFC621D-4FDB-42E4-8943-9AA37F90ED7B}"
EndProject
Project("{FAE04EC0-301F-11D3-BF4B-00C04F79EFBC}") = "Day 04", "2018\Day 04\Day 04.csproj", "{ABBE15BA-9E0F-46CE-A511-EDA7F5DE4985}"
EndProject
Project("{FAE04EC0-301F-11D3-BF4B-00C04F79EFBC}") = "Day 05", "2018\Day 05\Day 05.csproj", "{B8D50355-5FBB-49ED-BE2D-3833D1922C36}"
EndProject
Project("{FAE04EC0-301F-11D3-BF4B-00C04F79EFBC}") = "Day 23", "2018\Day 23\Day 23.csproj", "{63D7AE1A-BA1D-4D3E-8DF0-74FC8EAA6B9F}"
EndProject
Global
	GlobalSection(SolutionConfigurationPlatforms) = preSolution
		Debug|Any CPU = Debug|Any CPU
		Release|Any CPU = Release|Any CPU
	EndGlobalSection
	GlobalSection(ProjectConfigurationPlatforms) = postSolution
		{E060F41A-2B99-4C6E-AE8A-D97E724CFB5B}.Debug|Any CPU.ActiveCfg = Debug|Any CPU
		{E060F41A-2B99-4C6E-AE8A-D97E724CFB5B}.Debug|Any CPU.Build.0 = Debug|Any CPU
		{E060F41A-2B99-4C6E-AE8A-D97E724CFB5B}.Release|Any CPU.ActiveCfg = Release|Any CPU
		{E060F41A-2B99-4C6E-AE8A-D97E724CFB5B}.Release|Any CPU.Build.0 = Release|Any CPU
		{895A301F-D5D8-408C-92DF-DE770789F14D}.Debug|Any CPU.ActiveCfg = Debug|Any CPU
		{895A301F-D5D8-408C-92DF-DE770789F14D}.Debug|Any CPU.Build.0 = Debug|Any CPU
		{895A301F-D5D8-408C-92DF-DE770789F14D}.Release|Any CPU.ActiveCfg = Release|Any CPU
		{895A301F-D5D8-408C-92DF-DE770789F14D}.Release|Any CPU.Build.0 = Release|Any CPU
		{36D81B4E-5310-4AE3-A1A8-F93CA3C7B3CE}.Debug|Any CPU.ActiveCfg = Debug|Any CPU
		{36D81B4E-5310-4AE3-A1A8-F93CA3C7B3CE}.Debug|Any CPU.Build.0 = Debug|Any CPU
		{36D81B4E-5310-4AE3-A1A8-F93CA3C7B3CE}.Release|Any CPU.ActiveCfg = Release|Any CPU
		{36D81B4E-5310-4AE3-A1A8-F93CA3C7B3CE}.Release|Any CPU.Build.0 = Release|Any CPU
		{7550CB7B-B6ED-4ED1-82F0-28DB12EA4794}.Debug|Any CPU.ActiveCfg = Debug|Any CPU
		{7550CB7B-B6ED-4ED1-82F0-28DB12EA4794}.Debug|Any CPU.Build.0 = Debug|Any CPU
		{7550CB7B-B6ED-4ED1-82F0-28DB12EA4794}.Release|Any CPU.ActiveCfg = Release|Any CPU
		{7550CB7B-B6ED-4ED1-82F0-28DB12EA4794}.Release|Any CPU.Build.0 = Release|Any CPU
		{A338B425-66C6-4D5E-9EC0-E5D08EF3AF5F}.Debug|Any CPU.ActiveCfg = Debug|Any CPU
		{A338B425-66C6-4D5E-9EC0-E5D08EF3AF5F}.Debug|Any CPU.Build.0 = Debug|Any CPU
		{A338B425-66C6-4D5E-9EC0-E5D08EF3AF5F}.Release|Any CPU.ActiveCfg = Release|Any CPU
		{A338B425-66C6-4D5E-9EC0-E5D08EF3AF5F}.Release|Any CPU.Build.0 = Release|Any CPU
		{941DDE55-FAED-4A91-B0ED-0F6A72F49997}.Debug|Any CPU.ActiveCfg = Debug|Any CPU
		{941DDE55-FAED-4A91-B0ED-0F6A72F49997}.Debug|Any CPU.Build.0 = Debug|Any CPU
		{941DDE55-FAED-4A91-B0ED-0F6A72F49997}.Release|Any CPU.ActiveCfg = Release|Any CPU
		{941DDE55-FAED-4A91-B0ED-0F6A72F49997}.Release|Any CPU.Build.0 = Release|Any CPU
		{09415A3A-D0C5-41B3-88AF-148A4EB9F417}.Debug|Any CPU.ActiveCfg = Debug|Any CPU
		{09415A3A-D0C5-41B3-88AF-148A4EB9F417}.Debug|Any CPU.Build.0 = Debug|Any CPU
		{09415A3A-D0C5-41B3-88AF-148A4EB9F417}.Release|Any CPU.ActiveCfg = Release|Any CPU
		{09415A3A-D0C5-41B3-88AF-148A4EB9F417}.Release|Any CPU.Build.0 = Release|Any CPU
		{8541C4E9-0FE2-4FF9-AD0F-A3186299ADAC}.Debug|Any CPU.ActiveCfg = Debug|Any CPU
		{8541C4E9-0FE2-4FF9-AD0F-A3186299ADAC}.Debug|Any CPU.Build.0 = Debug|Any CPU
		{8541C4E9-0FE2-4FF9-AD0F-A3186299ADAC}.Release|Any CPU.ActiveCfg = Release|Any CPU
		{8541C4E9-0FE2-4FF9-AD0F-A3186299ADAC}.Release|Any CPU.Build.0 = Release|Any CPU
		{C2CE8346-1618-4770-9344-793299A1A5DA}.Debug|Any CPU.ActiveCfg = Debug|Any CPU
		{C2CE8346-1618-4770-9344-793299A1A5DA}.Debug|Any CPU.Build.0 = Debug|Any CPU
		{C2CE8346-1618-4770-9344-793299A1A5DA}.Release|Any CPU.ActiveCfg = Release|Any CPU
		{C2CE8346-1618-4770-9344-793299A1A5DA}.Release|Any CPU.Build.0 = Release|Any CPU
		{D51CB8FE-9B9E-478D-A6F9-EE99C91E5D04}.Debug|Any CPU.ActiveCfg = Debug|Any CPU
		{D51CB8FE-9B9E-478D-A6F9-EE99C91E5D04}.Debug|Any CPU.Build.0 = Debug|Any CPU
		{D51CB8FE-9B9E-478D-A6F9-EE99C91E5D04}.Release|Any CPU.ActiveCfg = Release|Any CPU
		{D51CB8FE-9B9E-478D-A6F9-EE99C91E5D04}.Release|Any CPU.Build.0 = Release|Any CPU
		{7AED58C3-3675-46C8-A1D2-4B8580097341}.Debug|Any CPU.ActiveCfg = Debug|Any CPU
		{7AED58C3-3675-46C8-A1D2-4B8580097341}.Debug|Any CPU.Build.0 = Debug|Any CPU
		{7AED58C3-3675-46C8-A1D2-4B8580097341}.Release|Any CPU.ActiveCfg = Release|Any CPU
		{7AED58C3-3675-46C8-A1D2-4B8580097341}.Release|Any CPU.Build.0 = Release|Any CPU
		{7E82E4EC-CBEF-4942-934D-A71D8D2DC427}.Debug|Any CPU.ActiveCfg = Debug|Any CPU
		{7E82E4EC-CBEF-4942-934D-A71D8D2DC427}.Debug|Any CPU.Build.0 = Debug|Any CPU
		{7E82E4EC-CBEF-4942-934D-A71D8D2DC427}.Release|Any CPU.ActiveCfg = Release|Any CPU
		{7E82E4EC-CBEF-4942-934D-A71D8D2DC427}.Release|Any CPU.Build.0 = Release|Any CPU
		{30FD85DB-BE61-4A11-A451-2900432B69AD}.Debug|Any CPU.ActiveCfg = Debug|Any CPU
		{30FD85DB-BE61-4A11-A451-2900432B69AD}.Debug|Any CPU.Build.0 = Debug|Any CPU
		{30FD85DB-BE61-4A11-A451-2900432B69AD}.Release|Any CPU.ActiveCfg = Release|Any CPU
		{30FD85DB-BE61-4A11-A451-2900432B69AD}.Release|Any CPU.Build.0 = Release|Any CPU
		{6E55E52D-DE51-4AA5-8A03-DA89A30CA223}.Debug|Any CPU.ActiveCfg = Debug|Any CPU
		{6E55E52D-DE51-4AA5-8A03-DA89A30CA223}.Debug|Any CPU.Build.0 = Debug|Any CPU
		{6E55E52D-DE51-4AA5-8A03-DA89A30CA223}.Release|Any CPU.ActiveCfg = Release|Any CPU
		{6E55E52D-DE51-4AA5-8A03-DA89A30CA223}.Release|Any CPU.Build.0 = Release|Any CPU
		{15DABD71-8531-4213-9225-14CD321F56DD}.Debug|Any CPU.ActiveCfg = Debug|Any CPU
		{15DABD71-8531-4213-9225-14CD321F56DD}.Debug|Any CPU.Build.0 = Debug|Any CPU
		{15DABD71-8531-4213-9225-14CD321F56DD}.Release|Any CPU.ActiveCfg = Release|Any CPU
		{15DABD71-8531-4213-9225-14CD321F56DD}.Release|Any CPU.Build.0 = Release|Any CPU
		{71137820-B91C-4485-9B44-411427D6AADC}.Debug|Any CPU.ActiveCfg = Debug|Any CPU
		{71137820-B91C-4485-9B44-411427D6AADC}.Debug|Any CPU.Build.0 = Debug|Any CPU
		{71137820-B91C-4485-9B44-411427D6AADC}.Release|Any CPU.ActiveCfg = Release|Any CPU
		{71137820-B91C-4485-9B44-411427D6AADC}.Release|Any CPU.Build.0 = Release|Any CPU
		{D5DF85B4-BA54-4546-A04F-81DD581E782A}.Debug|Any CPU.ActiveCfg = Debug|Any CPU
		{D5DF85B4-BA54-4546-A04F-81DD581E782A}.Debug|Any CPU.Build.0 = Debug|Any CPU
		{D5DF85B4-BA54-4546-A04F-81DD581E782A}.Release|Any CPU.ActiveCfg = Release|Any CPU
		{D5DF85B4-BA54-4546-A04F-81DD581E782A}.Release|Any CPU.Build.0 = Release|Any CPU
		{2335ED6F-1E43-4593-BD9D-65FE2BFF61CE}.Debug|Any CPU.ActiveCfg = Debug|Any CPU
		{2335ED6F-1E43-4593-BD9D-65FE2BFF61CE}.Debug|Any CPU.Build.0 = Debug|Any CPU
		{2335ED6F-1E43-4593-BD9D-65FE2BFF61CE}.Release|Any CPU.ActiveCfg = Release|Any CPU
		{2335ED6F-1E43-4593-BD9D-65FE2BFF61CE}.Release|Any CPU.Build.0 = Release|Any CPU
		{37A817FE-3FD4-4E64-8308-03501239FC8D}.Debug|Any CPU.ActiveCfg = Debug|Any CPU
		{37A817FE-3FD4-4E64-8308-03501239FC8D}.Debug|Any CPU.Build.0 = Debug|Any CPU
		{37A817FE-3FD4-4E64-8308-03501239FC8D}.Release|Any CPU.ActiveCfg = Release|Any CPU
		{37A817FE-3FD4-4E64-8308-03501239FC8D}.Release|Any CPU.Build.0 = Release|Any CPU
		{61973B03-E357-4820-8B67-9523059988D0}.Debug|Any CPU.ActiveCfg = Debug|Any CPU
		{61973B03-E357-4820-8B67-9523059988D0}.Debug|Any CPU.Build.0 = Debug|Any CPU
		{61973B03-E357-4820-8B67-9523059988D0}.Release|Any CPU.ActiveCfg = Release|Any CPU
		{61973B03-E357-4820-8B67-9523059988D0}.Release|Any CPU.Build.0 = Release|Any CPU
		{DCF80265-F335-480B-937F-5238179C6EFE}.Debug|Any CPU.ActiveCfg = Debug|Any CPU
		{DCF80265-F335-480B-937F-5238179C6EFE}.Debug|Any CPU.Build.0 = Debug|Any CPU
		{DCF80265-F335-480B-937F-5238179C6EFE}.Release|Any CPU.ActiveCfg = Release|Any CPU
		{DCF80265-F335-480B-937F-5238179C6EFE}.Release|Any CPU.Build.0 = Release|Any CPU
		{8B5456B8-5ACD-4A8B-8615-EF958CCE1976}.Debug|Any CPU.ActiveCfg = Debug|Any CPU
		{8B5456B8-5ACD-4A8B-8615-EF958CCE1976}.Debug|Any CPU.Build.0 = Debug|Any CPU
		{8B5456B8-5ACD-4A8B-8615-EF958CCE1976}.Release|Any CPU.ActiveCfg = Release|Any CPU
		{8B5456B8-5ACD-4A8B-8615-EF958CCE1976}.Release|Any CPU.Build.0 = Release|Any CPU
		{9AB173DC-E82E-4E93-A727-4A0146892E1D}.Debug|Any CPU.ActiveCfg = Debug|Any CPU
		{9AB173DC-E82E-4E93-A727-4A0146892E1D}.Debug|Any CPU.Build.0 = Debug|Any CPU
		{9AB173DC-E82E-4E93-A727-4A0146892E1D}.Release|Any CPU.ActiveCfg = Release|Any CPU
		{9AB173DC-E82E-4E93-A727-4A0146892E1D}.Release|Any CPU.Build.0 = Release|Any CPU
		{CBFC621D-4FDB-42E4-8943-9AA37F90ED7B}.Debug|Any CPU.ActiveCfg = Debug|Any CPU
		{CBFC621D-4FDB-42E4-8943-9AA37F90ED7B}.Debug|Any CPU.Build.0 = Debug|Any CPU
		{CBFC621D-4FDB-42E4-8943-9AA37F90ED7B}.Release|Any CPU.ActiveCfg = Release|Any CPU
		{CBFC621D-4FDB-42E4-8943-9AA37F90ED7B}.Release|Any CPU.Build.0 = Release|Any CPU
		{ABBE15BA-9E0F-46CE-A511-EDA7F5DE4985}.Debug|Any CPU.ActiveCfg = Debug|Any CPU
		{ABBE15BA-9E0F-46CE-A511-EDA7F5DE4985}.Debug|Any CPU.Build.0 = Debug|Any CPU
		{ABBE15BA-9E0F-46CE-A511-EDA7F5DE4985}.Release|Any CPU.ActiveCfg = Release|Any CPU
		{ABBE15BA-9E0F-46CE-A511-EDA7F5DE4985}.Release|Any CPU.Build.0 = Release|Any CPU
		{B8D50355-5FBB-49ED-BE2D-3833D1922C36}.Debug|Any CPU.ActiveCfg = Debug|Any CPU
		{B8D50355-5FBB-49ED-BE2D-3833D1922C36}.Debug|Any CPU.Build.0 = Debug|Any CPU
		{B8D50355-5FBB-49ED-BE2D-3833D1922C36}.Release|Any CPU.ActiveCfg = Release|Any CPU
		{B8D50355-5FBB-49ED-BE2D-3833D1922C36}.Release|Any CPU.Build.0 = Release|Any CPU
		{63D7AE1A-BA1D-4D3E-8DF0-74FC8EAA6B9F}.Debug|Any CPU.ActiveCfg = Debug|Any CPU
		{63D7AE1A-BA1D-4D3E-8DF0-74FC8EAA6B9F}.Debug|Any CPU.Build.0 = Debug|Any CPU
		{63D7AE1A-BA1D-4D3E-8DF0-74FC8EAA6B9F}.Release|Any CPU.ActiveCfg = Release|Any CPU
		{63D7AE1A-BA1D-4D3E-8DF0-74FC8EAA6B9F}.Release|Any CPU.Build.0 = Release|Any CPU
	EndGlobalSection
	GlobalSection(NestedProjects) = preSolution
		{E060F41A-2B99-4C6E-AE8A-D97E724CFB5B} = {12B90817-4444-46D5-A9FD-5D3A5E704508}
		{36D81B4E-5310-4AE3-A1A8-F93CA3C7B3CE} = {454D8F45-62B6-4373-A418-6310607225F4}
		{7550CB7B-B6ED-4ED1-82F0-28DB12EA4794} = {454D8F45-62B6-4373-A418-6310607225F4}
		{A338B425-66C6-4D5E-9EC0-E5D08EF3AF5F} = {454D8F45-62B6-4373-A418-6310607225F4}
		{941DDE55-FAED-4A91-B0ED-0F6A72F49997} = {454D8F45-62B6-4373-A418-6310607225F4}
		{09415A3A-D0C5-41B3-88AF-148A4EB9F417} = {454D8F45-62B6-4373-A418-6310607225F4}
		{8541C4E9-0FE2-4FF9-AD0F-A3186299ADAC} = {454D8F45-62B6-4373-A418-6310607225F4}
		{C2CE8346-1618-4770-9344-793299A1A5DA} = {454D8F45-62B6-4373-A418-6310607225F4}
		{554762E7-922F-4A5F-843F-E89C0F617F9B} = {12B90817-4444-46D5-A9FD-5D3A5E704508}
		{D51CB8FE-9B9E-478D-A6F9-EE99C91E5D04} = {554762E7-922F-4A5F-843F-E89C0F617F9B}
		{7A786A07-FE46-4564-9F0D-6FD093F04A30} = {ABEAC6AC-E26A-4CC5-BC3E-D1035DC68D7D}
		{7AED58C3-3675-46C8-A1D2-4B8580097341} = {454D8F45-62B6-4373-A418-6310607225F4}
		{7E82E4EC-CBEF-4942-934D-A71D8D2DC427} = {454D8F45-62B6-4373-A418-6310607225F4}
		{30FD85DB-BE61-4A11-A451-2900432B69AD} = {454D8F45-62B6-4373-A418-6310607225F4}
		{6E55E52D-DE51-4AA5-8A03-DA89A30CA223} = {454D8F45-62B6-4373-A418-6310607225F4}
		{15DABD71-8531-4213-9225-14CD321F56DD} = {454D8F45-62B6-4373-A418-6310607225F4}
		{71137820-B91C-4485-9B44-411427D6AADC} = {454D8F45-62B6-4373-A418-6310607225F4}
		{D5DF85B4-BA54-4546-A04F-81DD581E782A} = {454D8F45-62B6-4373-A418-6310607225F4}
		{2335ED6F-1E43-4593-BD9D-65FE2BFF61CE} = {454D8F45-62B6-4373-A418-6310607225F4}
		{37A817FE-3FD4-4E64-8308-03501239FC8D} = {454D8F45-62B6-4373-A418-6310607225F4}
		{61973B03-E357-4820-8B67-9523059988D0} = {454D8F45-62B6-4373-A418-6310607225F4}
		{DCF80265-F335-480B-937F-5238179C6EFE} = {ABEAC6AC-E26A-4CC5-BC3E-D1035DC68D7D}
		{8B5456B8-5ACD-4A8B-8615-EF958CCE1976} = {ABEAC6AC-E26A-4CC5-BC3E-D1035DC68D7D}
		{9AB173DC-E82E-4E93-A727-4A0146892E1D} = {4EAC914C-37C7-4694-A931-13F19F2B916B}
		{CBFC621D-4FDB-42E4-8943-9AA37F90ED7B} = {ABEAC6AC-E26A-4CC5-BC3E-D1035DC68D7D}
		{ABBE15BA-9E0F-46CE-A511-EDA7F5DE4985} = {ABEAC6AC-E26A-4CC5-BC3E-D1035DC68D7D}
		{B8D50355-5FBB-49ED-BE2D-3833D1922C36} = {ABEAC6AC-E26A-4CC5-BC3E-D1035DC68D7D}
		{63D7AE1A-BA1D-4D3E-8DF0-74FC8EAA6B9F} = {ABEAC6AC-E26A-4CC5-BC3E-D1035DC68D7D}
	EndGlobalSection
EndGlobal
