
Microsoft Visual Studio Solution File, Format Version 12.00
Project("{2150E333-8FDC-42A3-9474-1A3956D46DE8}") = "2018", "2018", "{ABEAC6AC-E26A-4CC5-BC3E-D1035DC68D7D}"
EndProject
Project("{FAE04EC0-301F-11D3-BF4B-00C04F79EFBC}") = "Day 05", "2018\Day 05\Day 05.csproj", "{3404FE1F-528B-424C-A269-41591C731FE4}"
EndProject
Project("{2150E333-8FDC-42A3-9474-1A3956D46DE8}") = "2019", "2019", "{12B90817-4444-46D5-A9FD-5D3A5E704508}"
EndProject
Project("{FAE04EC0-301F-11D3-BF4B-00C04F79EFBC}") = "Day 01", "2019\Day 01\Day 01.csproj", "{E060F41A-2B99-4C6E-AE8A-D97E724CFB5B}"
EndProject
Project("{FAE04EC0-301F-11D3-BF4B-00C04F79EFBC}") = "Day 01 Tests", "2019\Day 01 Tests\Day 01 Tests.csproj", "{051D3D16-DA2E-4DFD-B6E5-D0C7377A3CE5}"
EndProject
Project("{FAE04EC0-301F-11D3-BF4B-00C04F79EFBC}") = "Shared", "Shared\Shared.csproj", "{895A301F-D5D8-408C-92DF-DE770789F14D}"
EndProject
Global
	GlobalSection(SolutionConfigurationPlatforms) = preSolution
		Debug|Any CPU = Debug|Any CPU
		Release|Any CPU = Release|Any CPU
	EndGlobalSection
	GlobalSection(ProjectConfigurationPlatforms) = postSolution
		{3404FE1F-528B-424C-A269-41591C731FE4}.Debug|Any CPU.ActiveCfg = Debug|Any CPU
		{3404FE1F-528B-424C-A269-41591C731FE4}.Debug|Any CPU.Build.0 = Debug|Any CPU
		{3404FE1F-528B-424C-A269-41591C731FE4}.Release|Any CPU.ActiveCfg = Release|Any CPU
		{3404FE1F-528B-424C-A269-41591C731FE4}.Release|Any CPU.Build.0 = Release|Any CPU
		{E060F41A-2B99-4C6E-AE8A-D97E724CFB5B}.Debug|Any CPU.ActiveCfg = Debug|Any CPU
		{E060F41A-2B99-4C6E-AE8A-D97E724CFB5B}.Debug|Any CPU.Build.0 = Debug|Any CPU
		{E060F41A-2B99-4C6E-AE8A-D97E724CFB5B}.Release|Any CPU.ActiveCfg = Release|Any CPU
		{E060F41A-2B99-4C6E-AE8A-D97E724CFB5B}.Release|Any CPU.Build.0 = Release|Any CPU
		{051D3D16-DA2E-4DFD-B6E5-D0C7377A3CE5}.Debug|Any CPU.ActiveCfg = Debug|Any CPU
		{051D3D16-DA2E-4DFD-B6E5-D0C7377A3CE5}.Debug|Any CPU.Build.0 = Debug|Any CPU
		{051D3D16-DA2E-4DFD-B6E5-D0C7377A3CE5}.Release|Any CPU.ActiveCfg = Release|Any CPU
		{051D3D16-DA2E-4DFD-B6E5-D0C7377A3CE5}.Release|Any CPU.Build.0 = Release|Any CPU
		{895A301F-D5D8-408C-92DF-DE770789F14D}.Debug|Any CPU.ActiveCfg = Debug|Any CPU
		{895A301F-D5D8-408C-92DF-DE770789F14D}.Debug|Any CPU.Build.0 = Debug|Any CPU
		{895A301F-D5D8-408C-92DF-DE770789F14D}.Release|Any CPU.ActiveCfg = Release|Any CPU
		{895A301F-D5D8-408C-92DF-DE770789F14D}.Release|Any CPU.Build.0 = Release|Any CPU
	EndGlobalSection
	GlobalSection(NestedProjects) = preSolution
		{3404FE1F-528B-424C-A269-41591C731FE4} = {ABEAC6AC-E26A-4CC5-BC3E-D1035DC68D7D}
		{E060F41A-2B99-4C6E-AE8A-D97E724CFB5B} = {12B90817-4444-46D5-A9FD-5D3A5E704508}
		{051D3D16-DA2E-4DFD-B6E5-D0C7377A3CE5} = {12B90817-4444-46D5-A9FD-5D3A5E704508}
	EndGlobalSection
EndGlobal
