
Microsoft Visual Studio Solution File, Format Version 12.00
Project("{2150E333-8FDC-42A3-9474-1A3956D46DE8}") = "2018", "2018", "{ABEAC6AC-E26A-4CC5-BC3E-D1035DC68D7D}"
EndProject
Project("{2150E333-8FDC-42A3-9474-1A3956D46DE8}") = "2019", "2019", "{12B90817-4444-46D5-A9FD-5D3A5E704508}"
EndProject
Project("{FAE04EC0-301F-11D3-BF4B-00C04F79EFBC}") = "Day 01", "2019\Day 01\Day 01.csproj", "{E060F41A-2B99-4C6E-AE8A-D97E724CFB5B}"
EndProject
Project("{FAE04EC0-301F-11D3-BF4B-00C04F79EFBC}") = "Shared", "Shared\Shared.csproj", "{895A301F-D5D8-408C-92DF-DE770789F14D}"
EndProject
Project("{2150E333-8FDC-42A3-9474-1A3956D46DE8}") = "2023", "2023", "{454D8F45-62B6-4373-A418-6310607225F4}"
EndProject
Project("{FAE04EC0-301F-11D3-BF4B-00C04F79EFBC}") = "Day 01", "2023\Day 01\Day 01.csproj", "{36D81B4E-5310-4AE3-A1A8-F93CA3C7B3CE}"
EndProject
Project("{FAE04EC0-301F-11D3-BF4B-00C04F79EFBC}") = "Day 02", "2023\Day 02\Day 02.csproj", "{7550CB7B-B6ED-4ED1-82F0-28DB12EA4794}"
EndProject
Project("{FAE04EC0-301F-11D3-BF4B-00C04F79EFBC}") = "Day 03", "2023\Day 03\Day 03.csproj", "{A338B425-66C6-4D5E-9EC0-E5D08EF3AF5F}"
EndProject
Project("{FAE04EC0-301F-11D3-BF4B-00C04F79EFBC}") = "Day 04", "2023\Day 04\Day 04.csproj", "{941DDE55-FAED-4A91-B0ED-0F6A72F49997}"
EndProject
Project("{FAE04EC0-301F-11D3-BF4B-00C04F79EFBC}") = "Day 05", "2023\Day 05\Day 05.csproj", "{09415A3A-D0C5-41B3-88AF-148A4EB9F417}"
EndProject
Project("{FAE04EC0-301F-11D3-BF4B-00C04F79EFBC}") = "Day 06", "2023\Day 06\Day 06.csproj", "{8541C4E9-0FE2-4FF9-AD0F-A3186299ADAC}"
EndProject
Project("{FAE04EC0-301F-11D3-BF4B-00C04F79EFBC}") = "Day 07", "2023\Day 07\Day 07.csproj", "{C2CE8346-1618-4770-9344-793299A1A5DA}"
EndProject
Project("{2150E333-8FDC-42A3-9474-1A3956D46DE8}") = "Tests", "Tests", "{554762E7-922F-4A5F-843F-E89C0F617F9B}"
EndProject
Project("{FAE04EC0-301F-11D3-BF4B-00C04F79EFBC}") = "Day 01 Tests", "2019\Tests\Day 01 Tests\Day 01 Tests.csproj", "{D51CB8FE-9B9E-478D-A6F9-EE99C91E5D04}"
EndProject
Project("{2150E333-8FDC-42A3-9474-1A3956D46DE8}") = "Tests", "Tests", "{7A786A07-FE46-4564-9F0D-6FD093F04A30}"
EndProject
Project("{FAE04EC0-301F-11D3-BF4B-00C04F79EFBC}") = "Day 08", "2023\Day 08\Day 08.csproj", "{7AED58C3-3675-46C8-A1D2-4B8580097341}"
EndProject
Project("{FAE04EC0-301F-11D3-BF4B-00C04F79EFBC}") = "Day 09", "2023\Day 09\Day 09.csproj", "{7E82E4EC-CBEF-4942-934D-A71D8D2DC427}"
EndProject
Project("{FAE04EC0-301F-11D3-BF4B-00C04F79EFBC}") = "Day 10", "2023\Day 10\Day 10.csproj", "{30FD85DB-BE61-4A11-A451-2900432B69AD}"
EndProject
Project("{FAE04EC0-301F-11D3-BF4B-00C04F79EFBC}") = "Day 11", "2023\Day 11\Day 11.csproj", "{6E55E52D-DE51-4AA5-8A03-DA89A30CA223}"
EndProject
Project("{FAE04EC0-301F-11D3-BF4B-00C04F79EFBC}") = "Day 12", "2023\Day 12\Day 12.csproj", "{15DABD71-8531-4213-9225-14CD321F56DD}"
EndProject
Project("{FAE04EC0-301F-11D3-BF4B-00C04F79EFBC}") = "Day 13", "2023\Day 13\Day 13.csproj", "{71137820-B91C-4485-9B44-411427D6AADC}"
EndProject
Project("{FAE04EC0-301F-11D3-BF4B-00C04F79EFBC}") = "Day 14", "2023\Day 14\Day 14.csproj", "{D5DF85B4-BA54-4546-A04F-81DD581E782A}"
EndProject
Project("{FAE04EC0-301F-11D3-BF4B-00C04F79EFBC}") = "Day 15", "2023\Day 15\Day 15.csproj", "{2335ED6F-1E43-4593-BD9D-65FE2BFF61CE}"
EndProject
Project("{FAE04EC0-301F-11D3-BF4B-00C04F79EFBC}") = "Day 16", "2023\Day 16\Day 16.csproj", "{37A817FE-3FD4-4E64-8308-03501239FC8D}"
EndProject
Project("{FAE04EC0-301F-11D3-BF4B-00C04F79EFBC}") = "Tests", "2023\Tests\Tests.csproj", "{61973B03-E357-4820-8B67-9523059988D0}"
EndProject
Project("{FAE04EC0-301F-11D3-BF4B-00C04F79EFBC}") = "Day 01", "2018\Day 01\Day 01.csproj", "{DCF80265-F335-480B-937F-5238179C6EFE}"
EndProject
Project("{FAE04EC0-301F-11D3-BF4B-00C04F79EFBC}") = "Day 02", "2018\Day 02\Day 02.csproj", "{8B5456B8-5ACD-4A8B-8615-EF958CCE1976}"
EndProject
Project("{2150E333-8FDC-42A3-9474-1A3956D46DE8}") = "Templates", "Templates", "{4EAC914C-37C7-4694-A931-13F19F2B916B}"
EndProject
Project("{FAE04EC0-301F-11D3-BF4B-00C04F79EFBC}") = "AoC", "Templates\AoC\AoC.csproj", "{9AB173DC-E82E-4E93-A727-4A0146892E1D}"
EndProject
Project("{FAE04EC0-301F-11D3-BF4B-00C04F79EFBC}") = "Day 03", "2018\Day 03\Day 03.csproj", "{CBFC621D-4FDB-42E4-8943-9AA37F90ED7B}"
EndProject
Project("{FAE04EC0-301F-11D3-BF4B-00C04F79EFBC}") = "Day 04", "2018\Day 04\Day 04.csproj", "{ABBE15BA-9E0F-46CE-A511-EDA7F5DE4985}"
EndProject
Project("{FAE04EC0-301F-11D3-BF4B-00C04F79EFBC}") = "Day 05", "2018\Day 05\Day 05.csproj", "{B8D50355-5FBB-49ED-BE2D-3833D1922C36}"
EndProject
Project("{FAE04EC0-301F-11D3-BF4B-00C04F79EFBC}") = "Day 23", "2018\Day 23\Day 23.csproj", "{63D7AE1A-BA1D-4D3E-8DF0-74FC8EAA6B9F}"
EndProject
Project("{FAE04EC0-301F-11D3-BF4B-00C04F79EFBC}") = "Day 17", "2023\Day 17\Day 17.csproj", "{2077A42B-82AF-4F1E-B4F5-ECD337E79F02}"
EndProject
Project("{FAE04EC0-301F-11D3-BF4B-00C04F79EFBC}") = "Day 18", "2023\Day 18\Day 18.csproj", "{7D4338BA-88E0-452A-A8F0-9D6E0FC5A911}"
EndProject
Project("{FAE04EC0-301F-11D3-BF4B-00C04F79EFBC}") = "Day 19", "2023\Day 19\Day 19.csproj", "{DB8DAC20-810A-4A97-A507-9F70FB0676DB}"
EndProject
Project("{FAE04EC0-301F-11D3-BF4B-00C04F79EFBC}") = "Day 20", "2023\Day 20\Day 20.csproj", "{AB819738-E272-4679-9692-98D8DA51E029}"
EndProject
Project("{FAE04EC0-301F-11D3-BF4B-00C04F79EFBC}") = "Day 21", "2023\Day 21\Day 21.csproj", "{D250E005-3B83-4BD6-A4E4-9EF98E2683C8}"
EndProject
Project("{FAE04EC0-301F-11D3-BF4B-00C04F79EFBC}") = "Day 22", "2023\Day 22\Day 22.csproj", "{07E321E2-B622-411C-89D1-8AE9C755BBB3}"
EndProject
Project("{FAE04EC0-301F-11D3-BF4B-00C04F79EFBC}") = "Day 23", "2023\Day 23\Day 23.csproj", "{C26A99BB-6657-4631-9F6F-EE050DAE4AED}"
EndProject
Project("{FAE04EC0-301F-11D3-BF4B-00C04F79EFBC}") = "Day 24", "2023\Day 24\Day 24.csproj", "{81F82543-83A7-487E-A581-5628F2249FD8}"
EndProject
Project("{FAE04EC0-301F-11D3-BF4B-00C04F79EFBC}") = "Day 25", "2023\Day 25\Day 25.csproj", "{F36E9CE4-2E15-4192-AD95-2FC7A55C1683}"
EndProject
Project("{2150E333-8FDC-42A3-9474-1A3956D46DE8}") = "2015", "2015", "{26A8A11D-DEAA-4612-AF82-59D6ED6D79C3}"
EndProject
Project("{FAE04EC0-301F-11D3-BF4B-00C04F79EFBC}") = "Day 01", "2015\Day 01\Day 01.csproj", "{C495FFE6-4714-4958-BCB7-50C640E3F469}"
EndProject
Project("{FAE04EC0-301F-11D3-BF4B-00C04F79EFBC}") = "Day 02", "2015\Day 02\Day 02.csproj", "{3E0F9D26-EC86-4EF3-987D-AC26B575C487}"
EndProject
Project("{FAE04EC0-301F-11D3-BF4B-00C04F79EFBC}") = "Day 03", "2015\Day 03\Day 03.csproj", "{8E72404D-38D7-407D-AF8E-C704D3161647}"
EndProject
Project("{FAE04EC0-301F-11D3-BF4B-00C04F79EFBC}") = "Day 04", "2015\Day 04\Day 04.csproj", "{5EF5EB49-7998-4E05-B5A3-2C8F3E4B91DE}"
EndProject
Project("{FAE04EC0-301F-11D3-BF4B-00C04F79EFBC}") = "Day 05", "2015\Day 05\Day 05.csproj", "{512A3E9A-D44A-4E85-B4C0-137346AE8B8D}"
EndProject
Project("{FAE04EC0-301F-11D3-BF4B-00C04F79EFBC}") = "Day 06", "2015\Day 06\Day 06.csproj", "{2571E1D1-F96F-4105-97D4-8F4E594B262D}"
EndProject
Project("{FAE04EC0-301F-11D3-BF4B-00C04F79EFBC}") = "Day 07", "2015\Day 07\Day 07.csproj", "{ECF18108-76C8-444B-99A1-2A4BBAFE809C}"
EndProject
Project("{FAE04EC0-301F-11D3-BF4B-00C04F79EFBC}") = "Day 08", "2015\Day 08\Day 08.csproj", "{C349CF8F-C6A3-4282-BC1C-8ADC9A5EB32E}"
EndProject
Project("{FAE04EC0-301F-11D3-BF4B-00C04F79EFBC}") = "Day 09", "2015\Day 09\Day 09.csproj", "{4C495E89-37B1-47B7-A4E7-EDDD0195C3CC}"
EndProject
Project("{FAE04EC0-301F-11D3-BF4B-00C04F79EFBC}") = "Day 10", "2015\Day 10\Day 10.csproj", "{374E2EFC-B6C6-4B65-B28A-60F8A836195C}"
EndProject
Project("{FAE04EC0-301F-11D3-BF4B-00C04F79EFBC}") = "Day 11", "2015\Day 11\Day 11.csproj", "{CC69AA02-5106-4662-A1AC-5B594A7627E2}"
EndProject
Project("{FAE04EC0-301F-11D3-BF4B-00C04F79EFBC}") = "Day 12", "2015\Day 12\Day 12.csproj", "{B0973C5F-6506-4B36-B125-A1A037E8200E}"
EndProject
Project("{FAE04EC0-301F-11D3-BF4B-00C04F79EFBC}") = "Day 13", "2015\Day 13\Day 13.csproj", "{92C4E576-22E5-441A-A756-F8ED1BABA975}"
EndProject
Project("{FAE04EC0-301F-11D3-BF4B-00C04F79EFBC}") = "Day 14", "2015\Day 14\Day 14.csproj", "{86E1AC38-D50D-4EA2-B85E-8D59EEDA30A4}"
EndProject
Project("{FAE04EC0-301F-11D3-BF4B-00C04F79EFBC}") = "Day 15", "2015\Day 15\Day 15.csproj", "{190BA7E6-37D3-4CE7-80B4-C6A5A5A7FC49}"
EndProject
Project("{FAE04EC0-301F-11D3-BF4B-00C04F79EFBC}") = "Day 16", "2015\Day 16\Day 16.csproj", "{9763C039-DE1B-47DC-AEEB-54B534A82441}"
EndProject
Project("{FAE04EC0-301F-11D3-BF4B-00C04F79EFBC}") = "Day 17", "2015\Day 17\Day 17.csproj", "{AA0C9841-4E17-4346-A8B9-3E8753C6E38A}"
EndProject
Project("{FAE04EC0-301F-11D3-BF4B-00C04F79EFBC}") = "Day 18", "2015\Day 18\Day 18.csproj", "{33B3F9D8-51C5-4161-9825-977B4094945B}"
EndProject
Project("{FAE04EC0-301F-11D3-BF4B-00C04F79EFBC}") = "Day 19", "2015\Day 19\Day 19.csproj", "{11B33CC8-A4E6-4A5E-9766-9B2ABACE541D}"
EndProject
Project("{FAE04EC0-301F-11D3-BF4B-00C04F79EFBC}") = "Day 20", "2015\Day 20\Day 20.csproj", "{5758F5AD-0BA2-4E5F-991C-6E0BF0DFE96A}"
EndProject
Project("{FAE04EC0-301F-11D3-BF4B-00C04F79EFBC}") = "Day 21", "2015\Day 21\Day 21.csproj", "{4AB8391D-9E63-433A-BFA2-FD3C376DA3DF}"
EndProject
Project("{FAE04EC0-301F-11D3-BF4B-00C04F79EFBC}") = "Day 22", "2015\Day 22\Day 22.csproj", "{73200CA8-8911-4EE5-AEE5-89EACF232D99}"
EndProject
Project("{FAE04EC0-301F-11D3-BF4B-00C04F79EFBC}") = "Day 23", "2015\Day 23\Day 23.csproj", "{546C5103-9DEA-4389-B4F0-025A9D994F0F}"
EndProject
Project("{FAE04EC0-301F-11D3-BF4B-00C04F79EFBC}") = "Day 24", "2015\Day 24\Day 24.csproj", "{A9B04FF1-DABE-4D19-9DFD-1C3617D8445C}"
EndProject
Project("{FAE04EC0-301F-11D3-BF4B-00C04F79EFBC}") = "Day 25", "2015\Day 25\Day 25.csproj", "{5759ED4A-33D7-4940-B114-700528AA744A}"
EndProject
Project("{2150E333-8FDC-42A3-9474-1A3956D46DE8}") = "2016", "2016", "{E12F2C65-94B2-415F-946E-8C875BDA7D9D}"
EndProject
Project("{FAE04EC0-301F-11D3-BF4B-00C04F79EFBC}") = "Day 01", "2016\Day 01\Day 01.csproj", "{5634ADE6-866B-4710-B091-2BF3441FB530}"
EndProject
Project("{FAE04EC0-301F-11D3-BF4B-00C04F79EFBC}") = "Day 02", "2016\Day 02\Day 02.csproj", "{3A024430-8353-4E1E-A925-90D122C1CD36}"
EndProject
Project("{FAE04EC0-301F-11D3-BF4B-00C04F79EFBC}") = "Day 03", "2016\Day 03\Day 03.csproj", "{33D638C7-5EE8-4B3D-975F-DAE4ACD03F86}"
EndProject
Project("{FAE04EC0-301F-11D3-BF4B-00C04F79EFBC}") = "Day 04", "2016\Day 04\Day 04.csproj", "{299B6491-021E-41C7-A18E-43D49B26B29E}"
EndProject
Project("{FAE04EC0-301F-11D3-BF4B-00C04F79EFBC}") = "Day 05", "2016\Day 05\Day 05.csproj", "{D0F2B147-AB38-447A-864A-2B1C7E46047A}"
EndProject
Project("{FAE04EC0-301F-11D3-BF4B-00C04F79EFBC}") = "Day 06", "2016\Day 06\Day 06.csproj", "{A208FBB3-2990-4767-B9BB-478060FCC57D}"
EndProject
Project("{FAE04EC0-301F-11D3-BF4B-00C04F79EFBC}") = "Day 07", "2016\Day 07\Day 07.csproj", "{F3FF3F1B-0246-4263-B3B2-1568DD4E5E90}"
EndProject
Project("{FAE04EC0-301F-11D3-BF4B-00C04F79EFBC}") = "Day 08", "2016\Day 08\Day 08.csproj", "{9514C860-6A40-420F-9EF9-8BD541C6B845}"
EndProject
Project("{FAE04EC0-301F-11D3-BF4B-00C04F79EFBC}") = "Day 09", "2016\Day 09\Day 09.csproj", "{D4A13919-3776-4100-BB31-A59407CAC0B9}"
EndProject
Project("{FAE04EC0-301F-11D3-BF4B-00C04F79EFBC}") = "Day 10", "2016\Day 10\Day 10.csproj", "{6754F0FB-E43B-4002-855B-6FD5802B6926}"
EndProject
Project("{FAE04EC0-301F-11D3-BF4B-00C04F79EFBC}") = "Day 11", "2016\Day 11\Day 11.csproj", "{5F675D0A-EE37-467C-8B61-4E40FCD214B3}"
EndProject
Project("{FAE04EC0-301F-11D3-BF4B-00C04F79EFBC}") = "Day 12", "2016\Day 12\Day 12.csproj", "{C0B12C8F-4C3E-4113-9212-5D1E7290D611}"
EndProject
Project("{FAE04EC0-301F-11D3-BF4B-00C04F79EFBC}") = "Day 13", "2016\Day 13\Day 13.csproj", "{505118F5-2C44-43F9-A078-31067BA15565}"
EndProject
Project("{FAE04EC0-301F-11D3-BF4B-00C04F79EFBC}") = "Day 14", "2016\Day 14\Day 14.csproj", "{442E7350-A758-48EB-BD6D-0803E811AC23}"
EndProject
Project("{FAE04EC0-301F-11D3-BF4B-00C04F79EFBC}") = "Day 15", "2016\Day 15\Day 15.csproj", "{27353C5E-3D5A-4D8E-ABBE-27770CB30DB2}"
EndProject
Project("{FAE04EC0-301F-11D3-BF4B-00C04F79EFBC}") = "Day 16", "2016\Day 16\Day 16.csproj", "{86F3BBEE-99F1-4A92-B55D-CDF044F82CF1}"
EndProject
Project("{FAE04EC0-301F-11D3-BF4B-00C04F79EFBC}") = "Day 17", "2016\Day 17\Day 17.csproj", "{468A4098-C303-4A4A-BBB5-D2DB3A14960B}"
EndProject
Project("{FAE04EC0-301F-11D3-BF4B-00C04F79EFBC}") = "Day 18", "2016\Day 18\Day 18.csproj", "{FCA6E73A-7C0E-47C2-997C-FCD0EA9726A4}"
EndProject
Project("{FAE04EC0-301F-11D3-BF4B-00C04F79EFBC}") = "Day 19", "2016\Day 19\Day 19.csproj", "{00A8CAB3-621B-4A29-82A0-9C085E936BB4}"
EndProject
Project("{FAE04EC0-301F-11D3-BF4B-00C04F79EFBC}") = "Day 20", "2016\Day 20\Day 20.csproj", "{66766C00-9576-4CE2-AF16-BA237C4A7D62}"
EndProject
Project("{FAE04EC0-301F-11D3-BF4B-00C04F79EFBC}") = "Day 21", "2016\Day 21\Day 21.csproj", "{F0E39357-7A6E-43B0-86F7-432FA26FB9FD}"
EndProject
Project("{FAE04EC0-301F-11D3-BF4B-00C04F79EFBC}") = "Day 22", "2016\Day 22\Day 22.csproj", "{F50D0D36-FC57-47DA-8173-A3026C391E64}"
EndProject
Project("{FAE04EC0-301F-11D3-BF4B-00C04F79EFBC}") = "Day 23", "2016\Day 23\Day 23.csproj", "{144B770E-7482-491C-B727-E57AB0B25BBE}"
EndProject
Project("{FAE04EC0-301F-11D3-BF4B-00C04F79EFBC}") = "Day 24", "2016\Day 24\Day 24.csproj", "{E512CD32-996C-4586-A44C-E7198A822F24}"
EndProject
Project("{FAE04EC0-301F-11D3-BF4B-00C04F79EFBC}") = "Day 25", "2016\Day 25\Day 25.csproj", "{AEC88282-8507-4AAE-AF51-AFB7E3DA751E}"
EndProject
Project("{2150E333-8FDC-42A3-9474-1A3956D46DE8}") = "2017", "2017", "{88B692D4-9451-48A6-826B-D14343EF87A9}"
EndProject
Project("{FAE04EC0-301F-11D3-BF4B-00C04F79EFBC}") = "Day 01", "2017\Day 01\Day 01.csproj", "{704CDFA6-1F2E-44E4-8050-FD8330D6C569}"
EndProject
Project("{FAE04EC0-301F-11D3-BF4B-00C04F79EFBC}") = "Day 02", "2017\Day 02\Day 02.csproj", "{B67605A0-09D3-47AD-B13A-1986FE0A87FC}"
EndProject
Project("{FAE04EC0-301F-11D3-BF4B-00C04F79EFBC}") = "Day 03", "2017\Day 03\Day 03.csproj", "{1724A4DF-69B8-4647-9B7A-165143045855}"
EndProject
Project("{FAE04EC0-301F-11D3-BF4B-00C04F79EFBC}") = "Day 04", "2017\Day 04\Day 04.csproj", "{7BB410A8-AA78-4EED-B6DF-BE0944655F2F}"
EndProject
Project("{FAE04EC0-301F-11D3-BF4B-00C04F79EFBC}") = "Day 05", "2017\Day 05\Day 05.csproj", "{07928964-5B81-472A-8048-1E9BD5FF8987}"
EndProject
Project("{FAE04EC0-301F-11D3-BF4B-00C04F79EFBC}") = "Day 06", "2017\Day 06\Day 06.csproj", "{87BE88B9-D82E-47BD-A9DA-FD60A5EE2775}"
EndProject
Project("{FAE04EC0-301F-11D3-BF4B-00C04F79EFBC}") = "Day 07", "2017\Day 07\Day 07.csproj", "{309BB1A4-CBEA-488F-8C85-3F5BB945D315}"
EndProject
Project("{FAE04EC0-301F-11D3-BF4B-00C04F79EFBC}") = "Day 08", "2017\Day 08\Day 08.csproj", "{EA16CBF2-DFF1-4EAD-BBE1-9029968E4341}"
EndProject
Project("{FAE04EC0-301F-11D3-BF4B-00C04F79EFBC}") = "Day 09", "2017\Day 09\Day 09.csproj", "{6E23CCC4-1334-40FC-AA05-DAEE84291566}"
EndProject
Project("{FAE04EC0-301F-11D3-BF4B-00C04F79EFBC}") = "Day 10", "2017\Day 10\Day 10.csproj", "{9681D3B5-C46D-47D2-BBCD-48E6B4C3D020}"
EndProject
Project("{FAE04EC0-301F-11D3-BF4B-00C04F79EFBC}") = "Day 11", "2017\Day 11\Day 11.csproj", "{B6F2ED54-8AEF-4202-98CA-0F24B5F35425}"
EndProject
Project("{FAE04EC0-301F-11D3-BF4B-00C04F79EFBC}") = "Day 12", "2017\Day 12\Day 12.csproj", "{762909BC-7FE1-4A41-81AC-B8A960B4D389}"
EndProject
Project("{FAE04EC0-301F-11D3-BF4B-00C04F79EFBC}") = "Day 13", "2017\Day 13\Day 13.csproj", "{6109D0CA-3F6B-406B-BE90-8159DCD47D82}"
EndProject
Project("{FAE04EC0-301F-11D3-BF4B-00C04F79EFBC}") = "Day 14", "2017\Day 14\Day 14.csproj", "{A302F280-F1E6-4A15-B92C-7CA3B8A5827E}"
EndProject
Project("{FAE04EC0-301F-11D3-BF4B-00C04F79EFBC}") = "Day 15", "2017\Day 15\Day 15.csproj", "{8F776905-5FFF-4FB1-A9F0-196415F532A8}"
EndProject
Project("{FAE04EC0-301F-11D3-BF4B-00C04F79EFBC}") = "Day 16", "2017\Day 16\Day 16.csproj", "{DA1442C0-8935-4749-ADEE-BD4B7EF9D70F}"
EndProject
Project("{FAE04EC0-301F-11D3-BF4B-00C04F79EFBC}") = "Day 17", "2017\Day 17\Day 17.csproj", "{FE3F2E17-BDF2-4F88-B108-88E089E83D79}"
EndProject
Project("{FAE04EC0-301F-11D3-BF4B-00C04F79EFBC}") = "Day 18", "2017\Day 18\Day 18.csproj", "{5964C30F-EFA1-4963-8025-BD77ED2B6837}"
EndProject
Project("{FAE04EC0-301F-11D3-BF4B-00C04F79EFBC}") = "Day 19", "2017\Day 19\Day 19.csproj", "{FE996B3C-B5BA-491F-B18B-274DDBA42A39}"
EndProject
Project("{FAE04EC0-301F-11D3-BF4B-00C04F79EFBC}") = "Day 20", "2017\Day 20\Day 20.csproj", "{5D8890E9-DB9A-4763-96B0-2F0ABEF5DD3D}"
EndProject
Project("{FAE04EC0-301F-11D3-BF4B-00C04F79EFBC}") = "Day 21", "2017\Day 21\Day 21.csproj", "{3D457EE1-C9A9-45F5-8774-E3C7DDF3922A}"
EndProject
Project("{FAE04EC0-301F-11D3-BF4B-00C04F79EFBC}") = "Day 22", "2017\Day 22\Day 22.csproj", "{24BE587C-D80F-4BA6-B0D4-77155A0BB3E5}"
EndProject
Project("{FAE04EC0-301F-11D3-BF4B-00C04F79EFBC}") = "Day 23", "2017\Day 23\Day 23.csproj", "{5839986A-892B-4719-ACAA-B161C4FD39B9}"
EndProject
Project("{FAE04EC0-301F-11D3-BF4B-00C04F79EFBC}") = "Day 24", "2017\Day 24\Day 24.csproj", "{F7CF9F56-09BC-4354-9A7B-C66916520517}"
EndProject
Project("{FAE04EC0-301F-11D3-BF4B-00C04F79EFBC}") = "Day 25", "2017\Day 25\Day 25.csproj", "{0BD994C2-4691-4FAA-AF15-67C63F0AEFD0}"
EndProject
Global
	GlobalSection(SolutionConfigurationPlatforms) = preSolution
		Debug|Any CPU = Debug|Any CPU
		Release|Any CPU = Release|Any CPU
	EndGlobalSection
	GlobalSection(ProjectConfigurationPlatforms) = postSolution
		{E060F41A-2B99-4C6E-AE8A-D97E724CFB5B}.Debug|Any CPU.ActiveCfg = Debug|Any CPU
		{E060F41A-2B99-4C6E-AE8A-D97E724CFB5B}.Debug|Any CPU.Build.0 = Debug|Any CPU
		{E060F41A-2B99-4C6E-AE8A-D97E724CFB5B}.Release|Any CPU.ActiveCfg = Release|Any CPU
		{E060F41A-2B99-4C6E-AE8A-D97E724CFB5B}.Release|Any CPU.Build.0 = Release|Any CPU
		{895A301F-D5D8-408C-92DF-DE770789F14D}.Debug|Any CPU.ActiveCfg = Debug|Any CPU
		{895A301F-D5D8-408C-92DF-DE770789F14D}.Debug|Any CPU.Build.0 = Debug|Any CPU
		{895A301F-D5D8-408C-92DF-DE770789F14D}.Release|Any CPU.ActiveCfg = Release|Any CPU
		{895A301F-D5D8-408C-92DF-DE770789F14D}.Release|Any CPU.Build.0 = Release|Any CPU
		{36D81B4E-5310-4AE3-A1A8-F93CA3C7B3CE}.Debug|Any CPU.ActiveCfg = Debug|Any CPU
		{36D81B4E-5310-4AE3-A1A8-F93CA3C7B3CE}.Debug|Any CPU.Build.0 = Debug|Any CPU
		{36D81B4E-5310-4AE3-A1A8-F93CA3C7B3CE}.Release|Any CPU.ActiveCfg = Release|Any CPU
		{36D81B4E-5310-4AE3-A1A8-F93CA3C7B3CE}.Release|Any CPU.Build.0 = Release|Any CPU
		{7550CB7B-B6ED-4ED1-82F0-28DB12EA4794}.Debug|Any CPU.ActiveCfg = Debug|Any CPU
		{7550CB7B-B6ED-4ED1-82F0-28DB12EA4794}.Debug|Any CPU.Build.0 = Debug|Any CPU
		{7550CB7B-B6ED-4ED1-82F0-28DB12EA4794}.Release|Any CPU.ActiveCfg = Release|Any CPU
		{7550CB7B-B6ED-4ED1-82F0-28DB12EA4794}.Release|Any CPU.Build.0 = Release|Any CPU
		{A338B425-66C6-4D5E-9EC0-E5D08EF3AF5F}.Debug|Any CPU.ActiveCfg = Debug|Any CPU
		{A338B425-66C6-4D5E-9EC0-E5D08EF3AF5F}.Debug|Any CPU.Build.0 = Debug|Any CPU
		{A338B425-66C6-4D5E-9EC0-E5D08EF3AF5F}.Release|Any CPU.ActiveCfg = Release|Any CPU
		{A338B425-66C6-4D5E-9EC0-E5D08EF3AF5F}.Release|Any CPU.Build.0 = Release|Any CPU
		{941DDE55-FAED-4A91-B0ED-0F6A72F49997}.Debug|Any CPU.ActiveCfg = Debug|Any CPU
		{941DDE55-FAED-4A91-B0ED-0F6A72F49997}.Debug|Any CPU.Build.0 = Debug|Any CPU
		{941DDE55-FAED-4A91-B0ED-0F6A72F49997}.Release|Any CPU.ActiveCfg = Release|Any CPU
		{941DDE55-FAED-4A91-B0ED-0F6A72F49997}.Release|Any CPU.Build.0 = Release|Any CPU
		{09415A3A-D0C5-41B3-88AF-148A4EB9F417}.Debug|Any CPU.ActiveCfg = Debug|Any CPU
		{09415A3A-D0C5-41B3-88AF-148A4EB9F417}.Debug|Any CPU.Build.0 = Debug|Any CPU
		{09415A3A-D0C5-41B3-88AF-148A4EB9F417}.Release|Any CPU.ActiveCfg = Release|Any CPU
		{09415A3A-D0C5-41B3-88AF-148A4EB9F417}.Release|Any CPU.Build.0 = Release|Any CPU
		{8541C4E9-0FE2-4FF9-AD0F-A3186299ADAC}.Debug|Any CPU.ActiveCfg = Debug|Any CPU
		{8541C4E9-0FE2-4FF9-AD0F-A3186299ADAC}.Debug|Any CPU.Build.0 = Debug|Any CPU
		{8541C4E9-0FE2-4FF9-AD0F-A3186299ADAC}.Release|Any CPU.ActiveCfg = Release|Any CPU
		{8541C4E9-0FE2-4FF9-AD0F-A3186299ADAC}.Release|Any CPU.Build.0 = Release|Any CPU
		{C2CE8346-1618-4770-9344-793299A1A5DA}.Debug|Any CPU.ActiveCfg = Debug|Any CPU
		{C2CE8346-1618-4770-9344-793299A1A5DA}.Debug|Any CPU.Build.0 = Debug|Any CPU
		{C2CE8346-1618-4770-9344-793299A1A5DA}.Release|Any CPU.ActiveCfg = Release|Any CPU
		{C2CE8346-1618-4770-9344-793299A1A5DA}.Release|Any CPU.Build.0 = Release|Any CPU
		{D51CB8FE-9B9E-478D-A6F9-EE99C91E5D04}.Debug|Any CPU.ActiveCfg = Debug|Any CPU
		{D51CB8FE-9B9E-478D-A6F9-EE99C91E5D04}.Debug|Any CPU.Build.0 = Debug|Any CPU
		{D51CB8FE-9B9E-478D-A6F9-EE99C91E5D04}.Release|Any CPU.ActiveCfg = Release|Any CPU
		{D51CB8FE-9B9E-478D-A6F9-EE99C91E5D04}.Release|Any CPU.Build.0 = Release|Any CPU
		{7AED58C3-3675-46C8-A1D2-4B8580097341}.Debug|Any CPU.ActiveCfg = Debug|Any CPU
		{7AED58C3-3675-46C8-A1D2-4B8580097341}.Debug|Any CPU.Build.0 = Debug|Any CPU
		{7AED58C3-3675-46C8-A1D2-4B8580097341}.Release|Any CPU.ActiveCfg = Release|Any CPU
		{7AED58C3-3675-46C8-A1D2-4B8580097341}.Release|Any CPU.Build.0 = Release|Any CPU
		{7E82E4EC-CBEF-4942-934D-A71D8D2DC427}.Debug|Any CPU.ActiveCfg = Debug|Any CPU
		{7E82E4EC-CBEF-4942-934D-A71D8D2DC427}.Debug|Any CPU.Build.0 = Debug|Any CPU
		{7E82E4EC-CBEF-4942-934D-A71D8D2DC427}.Release|Any CPU.ActiveCfg = Release|Any CPU
		{7E82E4EC-CBEF-4942-934D-A71D8D2DC427}.Release|Any CPU.Build.0 = Release|Any CPU
		{30FD85DB-BE61-4A11-A451-2900432B69AD}.Debug|Any CPU.ActiveCfg = Debug|Any CPU
		{30FD85DB-BE61-4A11-A451-2900432B69AD}.Debug|Any CPU.Build.0 = Debug|Any CPU
		{30FD85DB-BE61-4A11-A451-2900432B69AD}.Release|Any CPU.ActiveCfg = Release|Any CPU
		{30FD85DB-BE61-4A11-A451-2900432B69AD}.Release|Any CPU.Build.0 = Release|Any CPU
		{6E55E52D-DE51-4AA5-8A03-DA89A30CA223}.Debug|Any CPU.ActiveCfg = Debug|Any CPU
		{6E55E52D-DE51-4AA5-8A03-DA89A30CA223}.Debug|Any CPU.Build.0 = Debug|Any CPU
		{6E55E52D-DE51-4AA5-8A03-DA89A30CA223}.Release|Any CPU.ActiveCfg = Release|Any CPU
		{6E55E52D-DE51-4AA5-8A03-DA89A30CA223}.Release|Any CPU.Build.0 = Release|Any CPU
		{15DABD71-8531-4213-9225-14CD321F56DD}.Debug|Any CPU.ActiveCfg = Debug|Any CPU
		{15DABD71-8531-4213-9225-14CD321F56DD}.Debug|Any CPU.Build.0 = Debug|Any CPU
		{15DABD71-8531-4213-9225-14CD321F56DD}.Release|Any CPU.ActiveCfg = Release|Any CPU
		{15DABD71-8531-4213-9225-14CD321F56DD}.Release|Any CPU.Build.0 = Release|Any CPU
		{71137820-B91C-4485-9B44-411427D6AADC}.Debug|Any CPU.ActiveCfg = Debug|Any CPU
		{71137820-B91C-4485-9B44-411427D6AADC}.Debug|Any CPU.Build.0 = Debug|Any CPU
		{71137820-B91C-4485-9B44-411427D6AADC}.Release|Any CPU.ActiveCfg = Release|Any CPU
		{71137820-B91C-4485-9B44-411427D6AADC}.Release|Any CPU.Build.0 = Release|Any CPU
		{D5DF85B4-BA54-4546-A04F-81DD581E782A}.Debug|Any CPU.ActiveCfg = Debug|Any CPU
		{D5DF85B4-BA54-4546-A04F-81DD581E782A}.Debug|Any CPU.Build.0 = Debug|Any CPU
		{D5DF85B4-BA54-4546-A04F-81DD581E782A}.Release|Any CPU.ActiveCfg = Release|Any CPU
		{D5DF85B4-BA54-4546-A04F-81DD581E782A}.Release|Any CPU.Build.0 = Release|Any CPU
		{2335ED6F-1E43-4593-BD9D-65FE2BFF61CE}.Debug|Any CPU.ActiveCfg = Debug|Any CPU
		{2335ED6F-1E43-4593-BD9D-65FE2BFF61CE}.Debug|Any CPU.Build.0 = Debug|Any CPU
		{2335ED6F-1E43-4593-BD9D-65FE2BFF61CE}.Release|Any CPU.ActiveCfg = Release|Any CPU
		{2335ED6F-1E43-4593-BD9D-65FE2BFF61CE}.Release|Any CPU.Build.0 = Release|Any CPU
		{37A817FE-3FD4-4E64-8308-03501239FC8D}.Debug|Any CPU.ActiveCfg = Debug|Any CPU
		{37A817FE-3FD4-4E64-8308-03501239FC8D}.Debug|Any CPU.Build.0 = Debug|Any CPU
		{37A817FE-3FD4-4E64-8308-03501239FC8D}.Release|Any CPU.ActiveCfg = Release|Any CPU
		{37A817FE-3FD4-4E64-8308-03501239FC8D}.Release|Any CPU.Build.0 = Release|Any CPU
		{61973B03-E357-4820-8B67-9523059988D0}.Debug|Any CPU.ActiveCfg = Debug|Any CPU
		{61973B03-E357-4820-8B67-9523059988D0}.Debug|Any CPU.Build.0 = Debug|Any CPU
		{61973B03-E357-4820-8B67-9523059988D0}.Release|Any CPU.ActiveCfg = Release|Any CPU
		{61973B03-E357-4820-8B67-9523059988D0}.Release|Any CPU.Build.0 = Release|Any CPU
		{DCF80265-F335-480B-937F-5238179C6EFE}.Debug|Any CPU.ActiveCfg = Debug|Any CPU
		{DCF80265-F335-480B-937F-5238179C6EFE}.Debug|Any CPU.Build.0 = Debug|Any CPU
		{DCF80265-F335-480B-937F-5238179C6EFE}.Release|Any CPU.ActiveCfg = Release|Any CPU
		{DCF80265-F335-480B-937F-5238179C6EFE}.Release|Any CPU.Build.0 = Release|Any CPU
		{8B5456B8-5ACD-4A8B-8615-EF958CCE1976}.Debug|Any CPU.ActiveCfg = Debug|Any CPU
		{8B5456B8-5ACD-4A8B-8615-EF958CCE1976}.Debug|Any CPU.Build.0 = Debug|Any CPU
		{8B5456B8-5ACD-4A8B-8615-EF958CCE1976}.Release|Any CPU.ActiveCfg = Release|Any CPU
		{8B5456B8-5ACD-4A8B-8615-EF958CCE1976}.Release|Any CPU.Build.0 = Release|Any CPU
		{9AB173DC-E82E-4E93-A727-4A0146892E1D}.Debug|Any CPU.ActiveCfg = Debug|Any CPU
		{9AB173DC-E82E-4E93-A727-4A0146892E1D}.Debug|Any CPU.Build.0 = Debug|Any CPU
		{9AB173DC-E82E-4E93-A727-4A0146892E1D}.Release|Any CPU.ActiveCfg = Release|Any CPU
		{9AB173DC-E82E-4E93-A727-4A0146892E1D}.Release|Any CPU.Build.0 = Release|Any CPU
		{CBFC621D-4FDB-42E4-8943-9AA37F90ED7B}.Debug|Any CPU.ActiveCfg = Debug|Any CPU
		{CBFC621D-4FDB-42E4-8943-9AA37F90ED7B}.Debug|Any CPU.Build.0 = Debug|Any CPU
		{CBFC621D-4FDB-42E4-8943-9AA37F90ED7B}.Release|Any CPU.ActiveCfg = Release|Any CPU
		{CBFC621D-4FDB-42E4-8943-9AA37F90ED7B}.Release|Any CPU.Build.0 = Release|Any CPU
		{ABBE15BA-9E0F-46CE-A511-EDA7F5DE4985}.Debug|Any CPU.ActiveCfg = Debug|Any CPU
		{ABBE15BA-9E0F-46CE-A511-EDA7F5DE4985}.Debug|Any CPU.Build.0 = Debug|Any CPU
		{ABBE15BA-9E0F-46CE-A511-EDA7F5DE4985}.Release|Any CPU.ActiveCfg = Release|Any CPU
		{ABBE15BA-9E0F-46CE-A511-EDA7F5DE4985}.Release|Any CPU.Build.0 = Release|Any CPU
		{B8D50355-5FBB-49ED-BE2D-3833D1922C36}.Debug|Any CPU.ActiveCfg = Debug|Any CPU
		{B8D50355-5FBB-49ED-BE2D-3833D1922C36}.Debug|Any CPU.Build.0 = Debug|Any CPU
		{B8D50355-5FBB-49ED-BE2D-3833D1922C36}.Release|Any CPU.ActiveCfg = Release|Any CPU
		{B8D50355-5FBB-49ED-BE2D-3833D1922C36}.Release|Any CPU.Build.0 = Release|Any CPU
		{63D7AE1A-BA1D-4D3E-8DF0-74FC8EAA6B9F}.Debug|Any CPU.ActiveCfg = Debug|Any CPU
		{63D7AE1A-BA1D-4D3E-8DF0-74FC8EAA6B9F}.Debug|Any CPU.Build.0 = Debug|Any CPU
		{63D7AE1A-BA1D-4D3E-8DF0-74FC8EAA6B9F}.Release|Any CPU.ActiveCfg = Release|Any CPU
		{63D7AE1A-BA1D-4D3E-8DF0-74FC8EAA6B9F}.Release|Any CPU.Build.0 = Release|Any CPU
		{2077A42B-82AF-4F1E-B4F5-ECD337E79F02}.Debug|Any CPU.ActiveCfg = Debug|Any CPU
		{2077A42B-82AF-4F1E-B4F5-ECD337E79F02}.Debug|Any CPU.Build.0 = Debug|Any CPU
		{2077A42B-82AF-4F1E-B4F5-ECD337E79F02}.Release|Any CPU.ActiveCfg = Release|Any CPU
		{2077A42B-82AF-4F1E-B4F5-ECD337E79F02}.Release|Any CPU.Build.0 = Release|Any CPU
		{7D4338BA-88E0-452A-A8F0-9D6E0FC5A911}.Debug|Any CPU.ActiveCfg = Debug|Any CPU
		{7D4338BA-88E0-452A-A8F0-9D6E0FC5A911}.Debug|Any CPU.Build.0 = Debug|Any CPU
		{7D4338BA-88E0-452A-A8F0-9D6E0FC5A911}.Release|Any CPU.ActiveCfg = Release|Any CPU
		{7D4338BA-88E0-452A-A8F0-9D6E0FC5A911}.Release|Any CPU.Build.0 = Release|Any CPU
		{DB8DAC20-810A-4A97-A507-9F70FB0676DB}.Debug|Any CPU.ActiveCfg = Debug|Any CPU
		{DB8DAC20-810A-4A97-A507-9F70FB0676DB}.Debug|Any CPU.Build.0 = Debug|Any CPU
		{DB8DAC20-810A-4A97-A507-9F70FB0676DB}.Release|Any CPU.ActiveCfg = Release|Any CPU
		{DB8DAC20-810A-4A97-A507-9F70FB0676DB}.Release|Any CPU.Build.0 = Release|Any CPU
		{AB819738-E272-4679-9692-98D8DA51E029}.Debug|Any CPU.ActiveCfg = Debug|Any CPU
		{AB819738-E272-4679-9692-98D8DA51E029}.Debug|Any CPU.Build.0 = Debug|Any CPU
		{AB819738-E272-4679-9692-98D8DA51E029}.Release|Any CPU.ActiveCfg = Release|Any CPU
		{AB819738-E272-4679-9692-98D8DA51E029}.Release|Any CPU.Build.0 = Release|Any CPU
		{D250E005-3B83-4BD6-A4E4-9EF98E2683C8}.Debug|Any CPU.ActiveCfg = Debug|Any CPU
		{D250E005-3B83-4BD6-A4E4-9EF98E2683C8}.Debug|Any CPU.Build.0 = Debug|Any CPU
		{D250E005-3B83-4BD6-A4E4-9EF98E2683C8}.Release|Any CPU.ActiveCfg = Release|Any CPU
		{D250E005-3B83-4BD6-A4E4-9EF98E2683C8}.Release|Any CPU.Build.0 = Release|Any CPU
		{07E321E2-B622-411C-89D1-8AE9C755BBB3}.Debug|Any CPU.ActiveCfg = Debug|Any CPU
		{07E321E2-B622-411C-89D1-8AE9C755BBB3}.Debug|Any CPU.Build.0 = Debug|Any CPU
		{07E321E2-B622-411C-89D1-8AE9C755BBB3}.Release|Any CPU.ActiveCfg = Release|Any CPU
		{07E321E2-B622-411C-89D1-8AE9C755BBB3}.Release|Any CPU.Build.0 = Release|Any CPU
		{C26A99BB-6657-4631-9F6F-EE050DAE4AED}.Debug|Any CPU.ActiveCfg = Debug|Any CPU
		{C26A99BB-6657-4631-9F6F-EE050DAE4AED}.Debug|Any CPU.Build.0 = Debug|Any CPU
		{C26A99BB-6657-4631-9F6F-EE050DAE4AED}.Release|Any CPU.ActiveCfg = Release|Any CPU
		{C26A99BB-6657-4631-9F6F-EE050DAE4AED}.Release|Any CPU.Build.0 = Release|Any CPU
		{81F82543-83A7-487E-A581-5628F2249FD8}.Debug|Any CPU.ActiveCfg = Debug|Any CPU
		{81F82543-83A7-487E-A581-5628F2249FD8}.Debug|Any CPU.Build.0 = Debug|Any CPU
		{81F82543-83A7-487E-A581-5628F2249FD8}.Release|Any CPU.ActiveCfg = Release|Any CPU
		{81F82543-83A7-487E-A581-5628F2249FD8}.Release|Any CPU.Build.0 = Release|Any CPU
		{F36E9CE4-2E15-4192-AD95-2FC7A55C1683}.Debug|Any CPU.ActiveCfg = Debug|Any CPU
		{F36E9CE4-2E15-4192-AD95-2FC7A55C1683}.Debug|Any CPU.Build.0 = Debug|Any CPU
		{F36E9CE4-2E15-4192-AD95-2FC7A55C1683}.Release|Any CPU.ActiveCfg = Release|Any CPU
		{F36E9CE4-2E15-4192-AD95-2FC7A55C1683}.Release|Any CPU.Build.0 = Release|Any CPU
		{C495FFE6-4714-4958-BCB7-50C640E3F469}.Debug|Any CPU.ActiveCfg = Debug|Any CPU
		{C495FFE6-4714-4958-BCB7-50C640E3F469}.Debug|Any CPU.Build.0 = Debug|Any CPU
		{C495FFE6-4714-4958-BCB7-50C640E3F469}.Release|Any CPU.ActiveCfg = Release|Any CPU
		{C495FFE6-4714-4958-BCB7-50C640E3F469}.Release|Any CPU.Build.0 = Release|Any CPU
		{3E0F9D26-EC86-4EF3-987D-AC26B575C487}.Debug|Any CPU.ActiveCfg = Debug|Any CPU
		{3E0F9D26-EC86-4EF3-987D-AC26B575C487}.Debug|Any CPU.Build.0 = Debug|Any CPU
		{3E0F9D26-EC86-4EF3-987D-AC26B575C487}.Release|Any CPU.ActiveCfg = Release|Any CPU
		{3E0F9D26-EC86-4EF3-987D-AC26B575C487}.Release|Any CPU.Build.0 = Release|Any CPU
		{8E72404D-38D7-407D-AF8E-C704D3161647}.Debug|Any CPU.ActiveCfg = Debug|Any CPU
		{8E72404D-38D7-407D-AF8E-C704D3161647}.Debug|Any CPU.Build.0 = Debug|Any CPU
		{8E72404D-38D7-407D-AF8E-C704D3161647}.Release|Any CPU.ActiveCfg = Release|Any CPU
		{8E72404D-38D7-407D-AF8E-C704D3161647}.Release|Any CPU.Build.0 = Release|Any CPU
		{5EF5EB49-7998-4E05-B5A3-2C8F3E4B91DE}.Debug|Any CPU.ActiveCfg = Debug|Any CPU
		{5EF5EB49-7998-4E05-B5A3-2C8F3E4B91DE}.Debug|Any CPU.Build.0 = Debug|Any CPU
		{5EF5EB49-7998-4E05-B5A3-2C8F3E4B91DE}.Release|Any CPU.ActiveCfg = Release|Any CPU
		{5EF5EB49-7998-4E05-B5A3-2C8F3E4B91DE}.Release|Any CPU.Build.0 = Release|Any CPU
		{512A3E9A-D44A-4E85-B4C0-137346AE8B8D}.Debug|Any CPU.ActiveCfg = Debug|Any CPU
		{512A3E9A-D44A-4E85-B4C0-137346AE8B8D}.Debug|Any CPU.Build.0 = Debug|Any CPU
		{512A3E9A-D44A-4E85-B4C0-137346AE8B8D}.Release|Any CPU.ActiveCfg = Release|Any CPU
		{512A3E9A-D44A-4E85-B4C0-137346AE8B8D}.Release|Any CPU.Build.0 = Release|Any CPU
		{2571E1D1-F96F-4105-97D4-8F4E594B262D}.Debug|Any CPU.ActiveCfg = Debug|Any CPU
		{2571E1D1-F96F-4105-97D4-8F4E594B262D}.Debug|Any CPU.Build.0 = Debug|Any CPU
		{2571E1D1-F96F-4105-97D4-8F4E594B262D}.Release|Any CPU.ActiveCfg = Release|Any CPU
		{2571E1D1-F96F-4105-97D4-8F4E594B262D}.Release|Any CPU.Build.0 = Release|Any CPU
		{ECF18108-76C8-444B-99A1-2A4BBAFE809C}.Debug|Any CPU.ActiveCfg = Debug|Any CPU
		{ECF18108-76C8-444B-99A1-2A4BBAFE809C}.Debug|Any CPU.Build.0 = Debug|Any CPU
		{ECF18108-76C8-444B-99A1-2A4BBAFE809C}.Release|Any CPU.ActiveCfg = Release|Any CPU
		{ECF18108-76C8-444B-99A1-2A4BBAFE809C}.Release|Any CPU.Build.0 = Release|Any CPU
		{C349CF8F-C6A3-4282-BC1C-8ADC9A5EB32E}.Debug|Any CPU.ActiveCfg = Debug|Any CPU
		{C349CF8F-C6A3-4282-BC1C-8ADC9A5EB32E}.Debug|Any CPU.Build.0 = Debug|Any CPU
		{C349CF8F-C6A3-4282-BC1C-8ADC9A5EB32E}.Release|Any CPU.ActiveCfg = Release|Any CPU
		{C349CF8F-C6A3-4282-BC1C-8ADC9A5EB32E}.Release|Any CPU.Build.0 = Release|Any CPU
		{4C495E89-37B1-47B7-A4E7-EDDD0195C3CC}.Debug|Any CPU.ActiveCfg = Debug|Any CPU
		{4C495E89-37B1-47B7-A4E7-EDDD0195C3CC}.Debug|Any CPU.Build.0 = Debug|Any CPU
		{4C495E89-37B1-47B7-A4E7-EDDD0195C3CC}.Release|Any CPU.ActiveCfg = Release|Any CPU
		{4C495E89-37B1-47B7-A4E7-EDDD0195C3CC}.Release|Any CPU.Build.0 = Release|Any CPU
		{374E2EFC-B6C6-4B65-B28A-60F8A836195C}.Debug|Any CPU.ActiveCfg = Debug|Any CPU
		{374E2EFC-B6C6-4B65-B28A-60F8A836195C}.Debug|Any CPU.Build.0 = Debug|Any CPU
		{374E2EFC-B6C6-4B65-B28A-60F8A836195C}.Release|Any CPU.ActiveCfg = Release|Any CPU
		{374E2EFC-B6C6-4B65-B28A-60F8A836195C}.Release|Any CPU.Build.0 = Release|Any CPU
		{CC69AA02-5106-4662-A1AC-5B594A7627E2}.Debug|Any CPU.ActiveCfg = Debug|Any CPU
		{CC69AA02-5106-4662-A1AC-5B594A7627E2}.Debug|Any CPU.Build.0 = Debug|Any CPU
		{CC69AA02-5106-4662-A1AC-5B594A7627E2}.Release|Any CPU.ActiveCfg = Release|Any CPU
		{CC69AA02-5106-4662-A1AC-5B594A7627E2}.Release|Any CPU.Build.0 = Release|Any CPU
		{B0973C5F-6506-4B36-B125-A1A037E8200E}.Debug|Any CPU.ActiveCfg = Debug|Any CPU
		{B0973C5F-6506-4B36-B125-A1A037E8200E}.Debug|Any CPU.Build.0 = Debug|Any CPU
		{B0973C5F-6506-4B36-B125-A1A037E8200E}.Release|Any CPU.ActiveCfg = Release|Any CPU
		{B0973C5F-6506-4B36-B125-A1A037E8200E}.Release|Any CPU.Build.0 = Release|Any CPU
		{92C4E576-22E5-441A-A756-F8ED1BABA975}.Debug|Any CPU.ActiveCfg = Debug|Any CPU
		{92C4E576-22E5-441A-A756-F8ED1BABA975}.Debug|Any CPU.Build.0 = Debug|Any CPU
		{92C4E576-22E5-441A-A756-F8ED1BABA975}.Release|Any CPU.ActiveCfg = Release|Any CPU
		{92C4E576-22E5-441A-A756-F8ED1BABA975}.Release|Any CPU.Build.0 = Release|Any CPU
		{86E1AC38-D50D-4EA2-B85E-8D59EEDA30A4}.Debug|Any CPU.ActiveCfg = Debug|Any CPU
		{86E1AC38-D50D-4EA2-B85E-8D59EEDA30A4}.Debug|Any CPU.Build.0 = Debug|Any CPU
		{86E1AC38-D50D-4EA2-B85E-8D59EEDA30A4}.Release|Any CPU.ActiveCfg = Release|Any CPU
		{86E1AC38-D50D-4EA2-B85E-8D59EEDA30A4}.Release|Any CPU.Build.0 = Release|Any CPU
		{190BA7E6-37D3-4CE7-80B4-C6A5A5A7FC49}.Debug|Any CPU.ActiveCfg = Debug|Any CPU
		{190BA7E6-37D3-4CE7-80B4-C6A5A5A7FC49}.Debug|Any CPU.Build.0 = Debug|Any CPU
		{190BA7E6-37D3-4CE7-80B4-C6A5A5A7FC49}.Release|Any CPU.ActiveCfg = Release|Any CPU
		{190BA7E6-37D3-4CE7-80B4-C6A5A5A7FC49}.Release|Any CPU.Build.0 = Release|Any CPU
		{9763C039-DE1B-47DC-AEEB-54B534A82441}.Debug|Any CPU.ActiveCfg = Debug|Any CPU
		{9763C039-DE1B-47DC-AEEB-54B534A82441}.Debug|Any CPU.Build.0 = Debug|Any CPU
		{9763C039-DE1B-47DC-AEEB-54B534A82441}.Release|Any CPU.ActiveCfg = Release|Any CPU
		{9763C039-DE1B-47DC-AEEB-54B534A82441}.Release|Any CPU.Build.0 = Release|Any CPU
		{AA0C9841-4E17-4346-A8B9-3E8753C6E38A}.Debug|Any CPU.ActiveCfg = Debug|Any CPU
		{AA0C9841-4E17-4346-A8B9-3E8753C6E38A}.Debug|Any CPU.Build.0 = Debug|Any CPU
		{AA0C9841-4E17-4346-A8B9-3E8753C6E38A}.Release|Any CPU.ActiveCfg = Release|Any CPU
		{AA0C9841-4E17-4346-A8B9-3E8753C6E38A}.Release|Any CPU.Build.0 = Release|Any CPU
		{33B3F9D8-51C5-4161-9825-977B4094945B}.Debug|Any CPU.ActiveCfg = Debug|Any CPU
		{33B3F9D8-51C5-4161-9825-977B4094945B}.Debug|Any CPU.Build.0 = Debug|Any CPU
		{33B3F9D8-51C5-4161-9825-977B4094945B}.Release|Any CPU.ActiveCfg = Release|Any CPU
		{33B3F9D8-51C5-4161-9825-977B4094945B}.Release|Any CPU.Build.0 = Release|Any CPU
		{11B33CC8-A4E6-4A5E-9766-9B2ABACE541D}.Debug|Any CPU.ActiveCfg = Debug|Any CPU
		{11B33CC8-A4E6-4A5E-9766-9B2ABACE541D}.Debug|Any CPU.Build.0 = Debug|Any CPU
		{11B33CC8-A4E6-4A5E-9766-9B2ABACE541D}.Release|Any CPU.ActiveCfg = Release|Any CPU
		{11B33CC8-A4E6-4A5E-9766-9B2ABACE541D}.Release|Any CPU.Build.0 = Release|Any CPU
		{5758F5AD-0BA2-4E5F-991C-6E0BF0DFE96A}.Debug|Any CPU.ActiveCfg = Debug|Any CPU
		{5758F5AD-0BA2-4E5F-991C-6E0BF0DFE96A}.Debug|Any CPU.Build.0 = Debug|Any CPU
		{5758F5AD-0BA2-4E5F-991C-6E0BF0DFE96A}.Release|Any CPU.ActiveCfg = Release|Any CPU
		{5758F5AD-0BA2-4E5F-991C-6E0BF0DFE96A}.Release|Any CPU.Build.0 = Release|Any CPU
		{4AB8391D-9E63-433A-BFA2-FD3C376DA3DF}.Debug|Any CPU.ActiveCfg = Debug|Any CPU
		{4AB8391D-9E63-433A-BFA2-FD3C376DA3DF}.Debug|Any CPU.Build.0 = Debug|Any CPU
		{4AB8391D-9E63-433A-BFA2-FD3C376DA3DF}.Release|Any CPU.ActiveCfg = Release|Any CPU
		{4AB8391D-9E63-433A-BFA2-FD3C376DA3DF}.Release|Any CPU.Build.0 = Release|Any CPU
		{73200CA8-8911-4EE5-AEE5-89EACF232D99}.Debug|Any CPU.ActiveCfg = Debug|Any CPU
		{73200CA8-8911-4EE5-AEE5-89EACF232D99}.Debug|Any CPU.Build.0 = Debug|Any CPU
		{73200CA8-8911-4EE5-AEE5-89EACF232D99}.Release|Any CPU.ActiveCfg = Release|Any CPU
		{73200CA8-8911-4EE5-AEE5-89EACF232D99}.Release|Any CPU.Build.0 = Release|Any CPU
		{546C5103-9DEA-4389-B4F0-025A9D994F0F}.Debug|Any CPU.ActiveCfg = Debug|Any CPU
		{546C5103-9DEA-4389-B4F0-025A9D994F0F}.Debug|Any CPU.Build.0 = Debug|Any CPU
		{546C5103-9DEA-4389-B4F0-025A9D994F0F}.Release|Any CPU.ActiveCfg = Release|Any CPU
		{546C5103-9DEA-4389-B4F0-025A9D994F0F}.Release|Any CPU.Build.0 = Release|Any CPU
		{A9B04FF1-DABE-4D19-9DFD-1C3617D8445C}.Debug|Any CPU.ActiveCfg = Debug|Any CPU
		{A9B04FF1-DABE-4D19-9DFD-1C3617D8445C}.Debug|Any CPU.Build.0 = Debug|Any CPU
		{A9B04FF1-DABE-4D19-9DFD-1C3617D8445C}.Release|Any CPU.ActiveCfg = Release|Any CPU
		{A9B04FF1-DABE-4D19-9DFD-1C3617D8445C}.Release|Any CPU.Build.0 = Release|Any CPU
		{5759ED4A-33D7-4940-B114-700528AA744A}.Debug|Any CPU.ActiveCfg = Debug|Any CPU
		{5759ED4A-33D7-4940-B114-700528AA744A}.Debug|Any CPU.Build.0 = Debug|Any CPU
		{5759ED4A-33D7-4940-B114-700528AA744A}.Release|Any CPU.ActiveCfg = Release|Any CPU
		{5759ED4A-33D7-4940-B114-700528AA744A}.Release|Any CPU.Build.0 = Release|Any CPU
		{5634ADE6-866B-4710-B091-2BF3441FB530}.Debug|Any CPU.ActiveCfg = Debug|Any CPU
		{5634ADE6-866B-4710-B091-2BF3441FB530}.Debug|Any CPU.Build.0 = Debug|Any CPU
		{5634ADE6-866B-4710-B091-2BF3441FB530}.Release|Any CPU.ActiveCfg = Release|Any CPU
		{5634ADE6-866B-4710-B091-2BF3441FB530}.Release|Any CPU.Build.0 = Release|Any CPU
		{3A024430-8353-4E1E-A925-90D122C1CD36}.Debug|Any CPU.ActiveCfg = Debug|Any CPU
		{3A024430-8353-4E1E-A925-90D122C1CD36}.Debug|Any CPU.Build.0 = Debug|Any CPU
		{3A024430-8353-4E1E-A925-90D122C1CD36}.Release|Any CPU.ActiveCfg = Release|Any CPU
		{3A024430-8353-4E1E-A925-90D122C1CD36}.Release|Any CPU.Build.0 = Release|Any CPU
		{33D638C7-5EE8-4B3D-975F-DAE4ACD03F86}.Debug|Any CPU.ActiveCfg = Debug|Any CPU
		{33D638C7-5EE8-4B3D-975F-DAE4ACD03F86}.Debug|Any CPU.Build.0 = Debug|Any CPU
		{33D638C7-5EE8-4B3D-975F-DAE4ACD03F86}.Release|Any CPU.ActiveCfg = Release|Any CPU
		{33D638C7-5EE8-4B3D-975F-DAE4ACD03F86}.Release|Any CPU.Build.0 = Release|Any CPU
		{299B6491-021E-41C7-A18E-43D49B26B29E}.Debug|Any CPU.ActiveCfg = Debug|Any CPU
		{299B6491-021E-41C7-A18E-43D49B26B29E}.Debug|Any CPU.Build.0 = Debug|Any CPU
		{299B6491-021E-41C7-A18E-43D49B26B29E}.Release|Any CPU.ActiveCfg = Release|Any CPU
		{299B6491-021E-41C7-A18E-43D49B26B29E}.Release|Any CPU.Build.0 = Release|Any CPU
		{D0F2B147-AB38-447A-864A-2B1C7E46047A}.Debug|Any CPU.ActiveCfg = Debug|Any CPU
		{D0F2B147-AB38-447A-864A-2B1C7E46047A}.Debug|Any CPU.Build.0 = Debug|Any CPU
		{D0F2B147-AB38-447A-864A-2B1C7E46047A}.Release|Any CPU.ActiveCfg = Release|Any CPU
		{D0F2B147-AB38-447A-864A-2B1C7E46047A}.Release|Any CPU.Build.0 = Release|Any CPU
		{A208FBB3-2990-4767-B9BB-478060FCC57D}.Debug|Any CPU.ActiveCfg = Debug|Any CPU
		{A208FBB3-2990-4767-B9BB-478060FCC57D}.Debug|Any CPU.Build.0 = Debug|Any CPU
		{A208FBB3-2990-4767-B9BB-478060FCC57D}.Release|Any CPU.ActiveCfg = Release|Any CPU
		{A208FBB3-2990-4767-B9BB-478060FCC57D}.Release|Any CPU.Build.0 = Release|Any CPU
		{F3FF3F1B-0246-4263-B3B2-1568DD4E5E90}.Debug|Any CPU.ActiveCfg = Debug|Any CPU
		{F3FF3F1B-0246-4263-B3B2-1568DD4E5E90}.Debug|Any CPU.Build.0 = Debug|Any CPU
		{F3FF3F1B-0246-4263-B3B2-1568DD4E5E90}.Release|Any CPU.ActiveCfg = Release|Any CPU
		{F3FF3F1B-0246-4263-B3B2-1568DD4E5E90}.Release|Any CPU.Build.0 = Release|Any CPU
		{9514C860-6A40-420F-9EF9-8BD541C6B845}.Debug|Any CPU.ActiveCfg = Debug|Any CPU
		{9514C860-6A40-420F-9EF9-8BD541C6B845}.Debug|Any CPU.Build.0 = Debug|Any CPU
		{9514C860-6A40-420F-9EF9-8BD541C6B845}.Release|Any CPU.ActiveCfg = Release|Any CPU
		{9514C860-6A40-420F-9EF9-8BD541C6B845}.Release|Any CPU.Build.0 = Release|Any CPU
		{D4A13919-3776-4100-BB31-A59407CAC0B9}.Debug|Any CPU.ActiveCfg = Debug|Any CPU
		{D4A13919-3776-4100-BB31-A59407CAC0B9}.Debug|Any CPU.Build.0 = Debug|Any CPU
		{D4A13919-3776-4100-BB31-A59407CAC0B9}.Release|Any CPU.ActiveCfg = Release|Any CPU
		{D4A13919-3776-4100-BB31-A59407CAC0B9}.Release|Any CPU.Build.0 = Release|Any CPU
		{6754F0FB-E43B-4002-855B-6FD5802B6926}.Debug|Any CPU.ActiveCfg = Debug|Any CPU
		{6754F0FB-E43B-4002-855B-6FD5802B6926}.Debug|Any CPU.Build.0 = Debug|Any CPU
		{6754F0FB-E43B-4002-855B-6FD5802B6926}.Release|Any CPU.ActiveCfg = Release|Any CPU
		{6754F0FB-E43B-4002-855B-6FD5802B6926}.Release|Any CPU.Build.0 = Release|Any CPU
		{5F675D0A-EE37-467C-8B61-4E40FCD214B3}.Debug|Any CPU.ActiveCfg = Debug|Any CPU
		{5F675D0A-EE37-467C-8B61-4E40FCD214B3}.Debug|Any CPU.Build.0 = Debug|Any CPU
		{5F675D0A-EE37-467C-8B61-4E40FCD214B3}.Release|Any CPU.ActiveCfg = Release|Any CPU
		{5F675D0A-EE37-467C-8B61-4E40FCD214B3}.Release|Any CPU.Build.0 = Release|Any CPU
		{C0B12C8F-4C3E-4113-9212-5D1E7290D611}.Debug|Any CPU.ActiveCfg = Debug|Any CPU
		{C0B12C8F-4C3E-4113-9212-5D1E7290D611}.Debug|Any CPU.Build.0 = Debug|Any CPU
		{C0B12C8F-4C3E-4113-9212-5D1E7290D611}.Release|Any CPU.ActiveCfg = Release|Any CPU
		{C0B12C8F-4C3E-4113-9212-5D1E7290D611}.Release|Any CPU.Build.0 = Release|Any CPU
		{505118F5-2C44-43F9-A078-31067BA15565}.Debug|Any CPU.ActiveCfg = Debug|Any CPU
		{505118F5-2C44-43F9-A078-31067BA15565}.Debug|Any CPU.Build.0 = Debug|Any CPU
		{505118F5-2C44-43F9-A078-31067BA15565}.Release|Any CPU.ActiveCfg = Release|Any CPU
		{505118F5-2C44-43F9-A078-31067BA15565}.Release|Any CPU.Build.0 = Release|Any CPU
		{442E7350-A758-48EB-BD6D-0803E811AC23}.Debug|Any CPU.ActiveCfg = Debug|Any CPU
		{442E7350-A758-48EB-BD6D-0803E811AC23}.Debug|Any CPU.Build.0 = Debug|Any CPU
		{442E7350-A758-48EB-BD6D-0803E811AC23}.Release|Any CPU.ActiveCfg = Release|Any CPU
		{442E7350-A758-48EB-BD6D-0803E811AC23}.Release|Any CPU.Build.0 = Release|Any CPU
		{27353C5E-3D5A-4D8E-ABBE-27770CB30DB2}.Debug|Any CPU.ActiveCfg = Debug|Any CPU
		{27353C5E-3D5A-4D8E-ABBE-27770CB30DB2}.Debug|Any CPU.Build.0 = Debug|Any CPU
		{27353C5E-3D5A-4D8E-ABBE-27770CB30DB2}.Release|Any CPU.ActiveCfg = Release|Any CPU
		{27353C5E-3D5A-4D8E-ABBE-27770CB30DB2}.Release|Any CPU.Build.0 = Release|Any CPU
		{86F3BBEE-99F1-4A92-B55D-CDF044F82CF1}.Debug|Any CPU.ActiveCfg = Debug|Any CPU
		{86F3BBEE-99F1-4A92-B55D-CDF044F82CF1}.Debug|Any CPU.Build.0 = Debug|Any CPU
		{86F3BBEE-99F1-4A92-B55D-CDF044F82CF1}.Release|Any CPU.ActiveCfg = Release|Any CPU
		{86F3BBEE-99F1-4A92-B55D-CDF044F82CF1}.Release|Any CPU.Build.0 = Release|Any CPU
		{468A4098-C303-4A4A-BBB5-D2DB3A14960B}.Debug|Any CPU.ActiveCfg = Debug|Any CPU
		{468A4098-C303-4A4A-BBB5-D2DB3A14960B}.Debug|Any CPU.Build.0 = Debug|Any CPU
		{468A4098-C303-4A4A-BBB5-D2DB3A14960B}.Release|Any CPU.ActiveCfg = Release|Any CPU
		{468A4098-C303-4A4A-BBB5-D2DB3A14960B}.Release|Any CPU.Build.0 = Release|Any CPU
		{FCA6E73A-7C0E-47C2-997C-FCD0EA9726A4}.Debug|Any CPU.ActiveCfg = Debug|Any CPU
		{FCA6E73A-7C0E-47C2-997C-FCD0EA9726A4}.Debug|Any CPU.Build.0 = Debug|Any CPU
		{FCA6E73A-7C0E-47C2-997C-FCD0EA9726A4}.Release|Any CPU.ActiveCfg = Release|Any CPU
		{FCA6E73A-7C0E-47C2-997C-FCD0EA9726A4}.Release|Any CPU.Build.0 = Release|Any CPU
		{00A8CAB3-621B-4A29-82A0-9C085E936BB4}.Debug|Any CPU.ActiveCfg = Debug|Any CPU
		{00A8CAB3-621B-4A29-82A0-9C085E936BB4}.Debug|Any CPU.Build.0 = Debug|Any CPU
		{00A8CAB3-621B-4A29-82A0-9C085E936BB4}.Release|Any CPU.ActiveCfg = Release|Any CPU
		{00A8CAB3-621B-4A29-82A0-9C085E936BB4}.Release|Any CPU.Build.0 = Release|Any CPU
		{66766C00-9576-4CE2-AF16-BA237C4A7D62}.Debug|Any CPU.ActiveCfg = Debug|Any CPU
		{66766C00-9576-4CE2-AF16-BA237C4A7D62}.Debug|Any CPU.Build.0 = Debug|Any CPU
		{66766C00-9576-4CE2-AF16-BA237C4A7D62}.Release|Any CPU.ActiveCfg = Release|Any CPU
		{66766C00-9576-4CE2-AF16-BA237C4A7D62}.Release|Any CPU.Build.0 = Release|Any CPU
		{F0E39357-7A6E-43B0-86F7-432FA26FB9FD}.Debug|Any CPU.ActiveCfg = Debug|Any CPU
		{F0E39357-7A6E-43B0-86F7-432FA26FB9FD}.Debug|Any CPU.Build.0 = Debug|Any CPU
		{F0E39357-7A6E-43B0-86F7-432FA26FB9FD}.Release|Any CPU.ActiveCfg = Release|Any CPU
		{F0E39357-7A6E-43B0-86F7-432FA26FB9FD}.Release|Any CPU.Build.0 = Release|Any CPU
		{F50D0D36-FC57-47DA-8173-A3026C391E64}.Debug|Any CPU.ActiveCfg = Debug|Any CPU
		{F50D0D36-FC57-47DA-8173-A3026C391E64}.Debug|Any CPU.Build.0 = Debug|Any CPU
		{F50D0D36-FC57-47DA-8173-A3026C391E64}.Release|Any CPU.ActiveCfg = Release|Any CPU
		{F50D0D36-FC57-47DA-8173-A3026C391E64}.Release|Any CPU.Build.0 = Release|Any CPU
		{144B770E-7482-491C-B727-E57AB0B25BBE}.Debug|Any CPU.ActiveCfg = Debug|Any CPU
		{144B770E-7482-491C-B727-E57AB0B25BBE}.Debug|Any CPU.Build.0 = Debug|Any CPU
		{144B770E-7482-491C-B727-E57AB0B25BBE}.Release|Any CPU.ActiveCfg = Release|Any CPU
		{144B770E-7482-491C-B727-E57AB0B25BBE}.Release|Any CPU.Build.0 = Release|Any CPU
		{E512CD32-996C-4586-A44C-E7198A822F24}.Debug|Any CPU.ActiveCfg = Debug|Any CPU
		{E512CD32-996C-4586-A44C-E7198A822F24}.Debug|Any CPU.Build.0 = Debug|Any CPU
		{E512CD32-996C-4586-A44C-E7198A822F24}.Release|Any CPU.ActiveCfg = Release|Any CPU
		{E512CD32-996C-4586-A44C-E7198A822F24}.Release|Any CPU.Build.0 = Release|Any CPU
		{AEC88282-8507-4AAE-AF51-AFB7E3DA751E}.Debug|Any CPU.ActiveCfg = Debug|Any CPU
		{AEC88282-8507-4AAE-AF51-AFB7E3DA751E}.Debug|Any CPU.Build.0 = Debug|Any CPU
		{AEC88282-8507-4AAE-AF51-AFB7E3DA751E}.Release|Any CPU.ActiveCfg = Release|Any CPU
		{AEC88282-8507-4AAE-AF51-AFB7E3DA751E}.Release|Any CPU.Build.0 = Release|Any CPU
		{704CDFA6-1F2E-44E4-8050-FD8330D6C569}.Debug|Any CPU.ActiveCfg = Debug|Any CPU
		{704CDFA6-1F2E-44E4-8050-FD8330D6C569}.Debug|Any CPU.Build.0 = Debug|Any CPU
		{704CDFA6-1F2E-44E4-8050-FD8330D6C569}.Release|Any CPU.ActiveCfg = Release|Any CPU
		{704CDFA6-1F2E-44E4-8050-FD8330D6C569}.Release|Any CPU.Build.0 = Release|Any CPU
		{B67605A0-09D3-47AD-B13A-1986FE0A87FC}.Debug|Any CPU.ActiveCfg = Debug|Any CPU
		{B67605A0-09D3-47AD-B13A-1986FE0A87FC}.Debug|Any CPU.Build.0 = Debug|Any CPU
		{B67605A0-09D3-47AD-B13A-1986FE0A87FC}.Release|Any CPU.ActiveCfg = Release|Any CPU
		{B67605A0-09D3-47AD-B13A-1986FE0A87FC}.Release|Any CPU.Build.0 = Release|Any CPU
		{1724A4DF-69B8-4647-9B7A-165143045855}.Debug|Any CPU.ActiveCfg = Debug|Any CPU
		{1724A4DF-69B8-4647-9B7A-165143045855}.Debug|Any CPU.Build.0 = Debug|Any CPU
		{1724A4DF-69B8-4647-9B7A-165143045855}.Release|Any CPU.ActiveCfg = Release|Any CPU
		{1724A4DF-69B8-4647-9B7A-165143045855}.Release|Any CPU.Build.0 = Release|Any CPU
		{7BB410A8-AA78-4EED-B6DF-BE0944655F2F}.Debug|Any CPU.ActiveCfg = Debug|Any CPU
		{7BB410A8-AA78-4EED-B6DF-BE0944655F2F}.Debug|Any CPU.Build.0 = Debug|Any CPU
		{7BB410A8-AA78-4EED-B6DF-BE0944655F2F}.Release|Any CPU.ActiveCfg = Release|Any CPU
		{7BB410A8-AA78-4EED-B6DF-BE0944655F2F}.Release|Any CPU.Build.0 = Release|Any CPU
		{07928964-5B81-472A-8048-1E9BD5FF8987}.Debug|Any CPU.ActiveCfg = Debug|Any CPU
		{07928964-5B81-472A-8048-1E9BD5FF8987}.Debug|Any CPU.Build.0 = Debug|Any CPU
		{07928964-5B81-472A-8048-1E9BD5FF8987}.Release|Any CPU.ActiveCfg = Release|Any CPU
		{07928964-5B81-472A-8048-1E9BD5FF8987}.Release|Any CPU.Build.0 = Release|Any CPU
		{87BE88B9-D82E-47BD-A9DA-FD60A5EE2775}.Debug|Any CPU.ActiveCfg = Debug|Any CPU
		{87BE88B9-D82E-47BD-A9DA-FD60A5EE2775}.Debug|Any CPU.Build.0 = Debug|Any CPU
		{87BE88B9-D82E-47BD-A9DA-FD60A5EE2775}.Release|Any CPU.ActiveCfg = Release|Any CPU
		{87BE88B9-D82E-47BD-A9DA-FD60A5EE2775}.Release|Any CPU.Build.0 = Release|Any CPU
		{309BB1A4-CBEA-488F-8C85-3F5BB945D315}.Debug|Any CPU.ActiveCfg = Debug|Any CPU
		{309BB1A4-CBEA-488F-8C85-3F5BB945D315}.Debug|Any CPU.Build.0 = Debug|Any CPU
		{309BB1A4-CBEA-488F-8C85-3F5BB945D315}.Release|Any CPU.ActiveCfg = Release|Any CPU
		{309BB1A4-CBEA-488F-8C85-3F5BB945D315}.Release|Any CPU.Build.0 = Release|Any CPU
		{EA16CBF2-DFF1-4EAD-BBE1-9029968E4341}.Debug|Any CPU.ActiveCfg = Debug|Any CPU
		{EA16CBF2-DFF1-4EAD-BBE1-9029968E4341}.Debug|Any CPU.Build.0 = Debug|Any CPU
		{EA16CBF2-DFF1-4EAD-BBE1-9029968E4341}.Release|Any CPU.ActiveCfg = Release|Any CPU
		{EA16CBF2-DFF1-4EAD-BBE1-9029968E4341}.Release|Any CPU.Build.0 = Release|Any CPU
		{6E23CCC4-1334-40FC-AA05-DAEE84291566}.Debug|Any CPU.ActiveCfg = Debug|Any CPU
		{6E23CCC4-1334-40FC-AA05-DAEE84291566}.Debug|Any CPU.Build.0 = Debug|Any CPU
		{6E23CCC4-1334-40FC-AA05-DAEE84291566}.Release|Any CPU.ActiveCfg = Release|Any CPU
		{6E23CCC4-1334-40FC-AA05-DAEE84291566}.Release|Any CPU.Build.0 = Release|Any CPU
		{9681D3B5-C46D-47D2-BBCD-48E6B4C3D020}.Debug|Any CPU.ActiveCfg = Debug|Any CPU
		{9681D3B5-C46D-47D2-BBCD-48E6B4C3D020}.Debug|Any CPU.Build.0 = Debug|Any CPU
		{9681D3B5-C46D-47D2-BBCD-48E6B4C3D020}.Release|Any CPU.ActiveCfg = Release|Any CPU
		{9681D3B5-C46D-47D2-BBCD-48E6B4C3D020}.Release|Any CPU.Build.0 = Release|Any CPU
		{B6F2ED54-8AEF-4202-98CA-0F24B5F35425}.Debug|Any CPU.ActiveCfg = Debug|Any CPU
		{B6F2ED54-8AEF-4202-98CA-0F24B5F35425}.Debug|Any CPU.Build.0 = Debug|Any CPU
		{B6F2ED54-8AEF-4202-98CA-0F24B5F35425}.Release|Any CPU.ActiveCfg = Release|Any CPU
		{B6F2ED54-8AEF-4202-98CA-0F24B5F35425}.Release|Any CPU.Build.0 = Release|Any CPU
		{762909BC-7FE1-4A41-81AC-B8A960B4D389}.Debug|Any CPU.ActiveCfg = Debug|Any CPU
		{762909BC-7FE1-4A41-81AC-B8A960B4D389}.Debug|Any CPU.Build.0 = Debug|Any CPU
		{762909BC-7FE1-4A41-81AC-B8A960B4D389}.Release|Any CPU.ActiveCfg = Release|Any CPU
		{762909BC-7FE1-4A41-81AC-B8A960B4D389}.Release|Any CPU.Build.0 = Release|Any CPU
		{6109D0CA-3F6B-406B-BE90-8159DCD47D82}.Debug|Any CPU.ActiveCfg = Debug|Any CPU
		{6109D0CA-3F6B-406B-BE90-8159DCD47D82}.Debug|Any CPU.Build.0 = Debug|Any CPU
		{6109D0CA-3F6B-406B-BE90-8159DCD47D82}.Release|Any CPU.ActiveCfg = Release|Any CPU
		{6109D0CA-3F6B-406B-BE90-8159DCD47D82}.Release|Any CPU.Build.0 = Release|Any CPU
		{A302F280-F1E6-4A15-B92C-7CA3B8A5827E}.Debug|Any CPU.ActiveCfg = Debug|Any CPU
		{A302F280-F1E6-4A15-B92C-7CA3B8A5827E}.Debug|Any CPU.Build.0 = Debug|Any CPU
		{A302F280-F1E6-4A15-B92C-7CA3B8A5827E}.Release|Any CPU.ActiveCfg = Release|Any CPU
		{A302F280-F1E6-4A15-B92C-7CA3B8A5827E}.Release|Any CPU.Build.0 = Release|Any CPU
		{8F776905-5FFF-4FB1-A9F0-196415F532A8}.Debug|Any CPU.ActiveCfg = Debug|Any CPU
		{8F776905-5FFF-4FB1-A9F0-196415F532A8}.Debug|Any CPU.Build.0 = Debug|Any CPU
		{8F776905-5FFF-4FB1-A9F0-196415F532A8}.Release|Any CPU.ActiveCfg = Release|Any CPU
		{8F776905-5FFF-4FB1-A9F0-196415F532A8}.Release|Any CPU.Build.0 = Release|Any CPU
		{DA1442C0-8935-4749-ADEE-BD4B7EF9D70F}.Debug|Any CPU.ActiveCfg = Debug|Any CPU
		{DA1442C0-8935-4749-ADEE-BD4B7EF9D70F}.Debug|Any CPU.Build.0 = Debug|Any CPU
		{DA1442C0-8935-4749-ADEE-BD4B7EF9D70F}.Release|Any CPU.ActiveCfg = Release|Any CPU
		{DA1442C0-8935-4749-ADEE-BD4B7EF9D70F}.Release|Any CPU.Build.0 = Release|Any CPU
		{FE3F2E17-BDF2-4F88-B108-88E089E83D79}.Debug|Any CPU.ActiveCfg = Debug|Any CPU
		{FE3F2E17-BDF2-4F88-B108-88E089E83D79}.Debug|Any CPU.Build.0 = Debug|Any CPU
		{FE3F2E17-BDF2-4F88-B108-88E089E83D79}.Release|Any CPU.ActiveCfg = Release|Any CPU
		{FE3F2E17-BDF2-4F88-B108-88E089E83D79}.Release|Any CPU.Build.0 = Release|Any CPU
		{5964C30F-EFA1-4963-8025-BD77ED2B6837}.Debug|Any CPU.ActiveCfg = Debug|Any CPU
		{5964C30F-EFA1-4963-8025-BD77ED2B6837}.Debug|Any CPU.Build.0 = Debug|Any CPU
		{5964C30F-EFA1-4963-8025-BD77ED2B6837}.Release|Any CPU.ActiveCfg = Release|Any CPU
		{5964C30F-EFA1-4963-8025-BD77ED2B6837}.Release|Any CPU.Build.0 = Release|Any CPU
		{FE996B3C-B5BA-491F-B18B-274DDBA42A39}.Debug|Any CPU.ActiveCfg = Debug|Any CPU
		{FE996B3C-B5BA-491F-B18B-274DDBA42A39}.Debug|Any CPU.Build.0 = Debug|Any CPU
		{FE996B3C-B5BA-491F-B18B-274DDBA42A39}.Release|Any CPU.ActiveCfg = Release|Any CPU
		{FE996B3C-B5BA-491F-B18B-274DDBA42A39}.Release|Any CPU.Build.0 = Release|Any CPU
		{5D8890E9-DB9A-4763-96B0-2F0ABEF5DD3D}.Debug|Any CPU.ActiveCfg = Debug|Any CPU
		{5D8890E9-DB9A-4763-96B0-2F0ABEF5DD3D}.Debug|Any CPU.Build.0 = Debug|Any CPU
		{5D8890E9-DB9A-4763-96B0-2F0ABEF5DD3D}.Release|Any CPU.ActiveCfg = Release|Any CPU
		{5D8890E9-DB9A-4763-96B0-2F0ABEF5DD3D}.Release|Any CPU.Build.0 = Release|Any CPU
		{3D457EE1-C9A9-45F5-8774-E3C7DDF3922A}.Debug|Any CPU.ActiveCfg = Debug|Any CPU
		{3D457EE1-C9A9-45F5-8774-E3C7DDF3922A}.Debug|Any CPU.Build.0 = Debug|Any CPU
		{3D457EE1-C9A9-45F5-8774-E3C7DDF3922A}.Release|Any CPU.ActiveCfg = Release|Any CPU
		{3D457EE1-C9A9-45F5-8774-E3C7DDF3922A}.Release|Any CPU.Build.0 = Release|Any CPU
		{24BE587C-D80F-4BA6-B0D4-77155A0BB3E5}.Debug|Any CPU.ActiveCfg = Debug|Any CPU
		{24BE587C-D80F-4BA6-B0D4-77155A0BB3E5}.Debug|Any CPU.Build.0 = Debug|Any CPU
		{24BE587C-D80F-4BA6-B0D4-77155A0BB3E5}.Release|Any CPU.ActiveCfg = Release|Any CPU
		{24BE587C-D80F-4BA6-B0D4-77155A0BB3E5}.Release|Any CPU.Build.0 = Release|Any CPU
		{5839986A-892B-4719-ACAA-B161C4FD39B9}.Debug|Any CPU.ActiveCfg = Debug|Any CPU
		{5839986A-892B-4719-ACAA-B161C4FD39B9}.Debug|Any CPU.Build.0 = Debug|Any CPU
		{5839986A-892B-4719-ACAA-B161C4FD39B9}.Release|Any CPU.ActiveCfg = Release|Any CPU
		{5839986A-892B-4719-ACAA-B161C4FD39B9}.Release|Any CPU.Build.0 = Release|Any CPU
		{F7CF9F56-09BC-4354-9A7B-C66916520517}.Debug|Any CPU.ActiveCfg = Debug|Any CPU
		{F7CF9F56-09BC-4354-9A7B-C66916520517}.Debug|Any CPU.Build.0 = Debug|Any CPU
		{F7CF9F56-09BC-4354-9A7B-C66916520517}.Release|Any CPU.ActiveCfg = Release|Any CPU
		{F7CF9F56-09BC-4354-9A7B-C66916520517}.Release|Any CPU.Build.0 = Release|Any CPU
		{0BD994C2-4691-4FAA-AF15-67C63F0AEFD0}.Debug|Any CPU.ActiveCfg = Debug|Any CPU
		{0BD994C2-4691-4FAA-AF15-67C63F0AEFD0}.Debug|Any CPU.Build.0 = Debug|Any CPU
		{0BD994C2-4691-4FAA-AF15-67C63F0AEFD0}.Release|Any CPU.ActiveCfg = Release|Any CPU
		{0BD994C2-4691-4FAA-AF15-67C63F0AEFD0}.Release|Any CPU.Build.0 = Release|Any CPU
	EndGlobalSection
	GlobalSection(NestedProjects) = preSolution
		{E060F41A-2B99-4C6E-AE8A-D97E724CFB5B} = {12B90817-4444-46D5-A9FD-5D3A5E704508}
		{36D81B4E-5310-4AE3-A1A8-F93CA3C7B3CE} = {454D8F45-62B6-4373-A418-6310607225F4}
		{7550CB7B-B6ED-4ED1-82F0-28DB12EA4794} = {454D8F45-62B6-4373-A418-6310607225F4}
		{A338B425-66C6-4D5E-9EC0-E5D08EF3AF5F} = {454D8F45-62B6-4373-A418-6310607225F4}
		{941DDE55-FAED-4A91-B0ED-0F6A72F49997} = {454D8F45-62B6-4373-A418-6310607225F4}
		{09415A3A-D0C5-41B3-88AF-148A4EB9F417} = {454D8F45-62B6-4373-A418-6310607225F4}
		{8541C4E9-0FE2-4FF9-AD0F-A3186299ADAC} = {454D8F45-62B6-4373-A418-6310607225F4}
		{C2CE8346-1618-4770-9344-793299A1A5DA} = {454D8F45-62B6-4373-A418-6310607225F4}
		{554762E7-922F-4A5F-843F-E89C0F617F9B} = {12B90817-4444-46D5-A9FD-5D3A5E704508}
		{D51CB8FE-9B9E-478D-A6F9-EE99C91E5D04} = {554762E7-922F-4A5F-843F-E89C0F617F9B}
		{7A786A07-FE46-4564-9F0D-6FD093F04A30} = {ABEAC6AC-E26A-4CC5-BC3E-D1035DC68D7D}
		{7AED58C3-3675-46C8-A1D2-4B8580097341} = {454D8F45-62B6-4373-A418-6310607225F4}
		{7E82E4EC-CBEF-4942-934D-A71D8D2DC427} = {454D8F45-62B6-4373-A418-6310607225F4}
		{30FD85DB-BE61-4A11-A451-2900432B69AD} = {454D8F45-62B6-4373-A418-6310607225F4}
		{6E55E52D-DE51-4AA5-8A03-DA89A30CA223} = {454D8F45-62B6-4373-A418-6310607225F4}
		{15DABD71-8531-4213-9225-14CD321F56DD} = {454D8F45-62B6-4373-A418-6310607225F4}
		{71137820-B91C-4485-9B44-411427D6AADC} = {454D8F45-62B6-4373-A418-6310607225F4}
		{D5DF85B4-BA54-4546-A04F-81DD581E782A} = {454D8F45-62B6-4373-A418-6310607225F4}
		{2335ED6F-1E43-4593-BD9D-65FE2BFF61CE} = {454D8F45-62B6-4373-A418-6310607225F4}
		{37A817FE-3FD4-4E64-8308-03501239FC8D} = {454D8F45-62B6-4373-A418-6310607225F4}
		{61973B03-E357-4820-8B67-9523059988D0} = {454D8F45-62B6-4373-A418-6310607225F4}
		{DCF80265-F335-480B-937F-5238179C6EFE} = {ABEAC6AC-E26A-4CC5-BC3E-D1035DC68D7D}
		{8B5456B8-5ACD-4A8B-8615-EF958CCE1976} = {ABEAC6AC-E26A-4CC5-BC3E-D1035DC68D7D}
		{9AB173DC-E82E-4E93-A727-4A0146892E1D} = {4EAC914C-37C7-4694-A931-13F19F2B916B}
		{CBFC621D-4FDB-42E4-8943-9AA37F90ED7B} = {ABEAC6AC-E26A-4CC5-BC3E-D1035DC68D7D}
		{ABBE15BA-9E0F-46CE-A511-EDA7F5DE4985} = {ABEAC6AC-E26A-4CC5-BC3E-D1035DC68D7D}
		{B8D50355-5FBB-49ED-BE2D-3833D1922C36} = {ABEAC6AC-E26A-4CC5-BC3E-D1035DC68D7D}
		{63D7AE1A-BA1D-4D3E-8DF0-74FC8EAA6B9F} = {ABEAC6AC-E26A-4CC5-BC3E-D1035DC68D7D}
		{2077A42B-82AF-4F1E-B4F5-ECD337E79F02} = {454D8F45-62B6-4373-A418-6310607225F4}
		{7D4338BA-88E0-452A-A8F0-9D6E0FC5A911} = {454D8F45-62B6-4373-A418-6310607225F4}
		{DB8DAC20-810A-4A97-A507-9F70FB0676DB} = {454D8F45-62B6-4373-A418-6310607225F4}
		{AB819738-E272-4679-9692-98D8DA51E029} = {454D8F45-62B6-4373-A418-6310607225F4}
		{D250E005-3B83-4BD6-A4E4-9EF98E2683C8} = {454D8F45-62B6-4373-A418-6310607225F4}
		{07E321E2-B622-411C-89D1-8AE9C755BBB3} = {454D8F45-62B6-4373-A418-6310607225F4}
		{C26A99BB-6657-4631-9F6F-EE050DAE4AED} = {454D8F45-62B6-4373-A418-6310607225F4}
		{81F82543-83A7-487E-A581-5628F2249FD8} = {454D8F45-62B6-4373-A418-6310607225F4}
		{F36E9CE4-2E15-4192-AD95-2FC7A55C1683} = {454D8F45-62B6-4373-A418-6310607225F4}
		{C495FFE6-4714-4958-BCB7-50C640E3F469} = {26A8A11D-DEAA-4612-AF82-59D6ED6D79C3}
		{3E0F9D26-EC86-4EF3-987D-AC26B575C487} = {26A8A11D-DEAA-4612-AF82-59D6ED6D79C3}
		{8E72404D-38D7-407D-AF8E-C704D3161647} = {26A8A11D-DEAA-4612-AF82-59D6ED6D79C3}
		{5EF5EB49-7998-4E05-B5A3-2C8F3E4B91DE} = {26A8A11D-DEAA-4612-AF82-59D6ED6D79C3}
		{512A3E9A-D44A-4E85-B4C0-137346AE8B8D} = {26A8A11D-DEAA-4612-AF82-59D6ED6D79C3}
		{2571E1D1-F96F-4105-97D4-8F4E594B262D} = {26A8A11D-DEAA-4612-AF82-59D6ED6D79C3}
		{ECF18108-76C8-444B-99A1-2A4BBAFE809C} = {26A8A11D-DEAA-4612-AF82-59D6ED6D79C3}
		{C349CF8F-C6A3-4282-BC1C-8ADC9A5EB32E} = {26A8A11D-DEAA-4612-AF82-59D6ED6D79C3}
		{4C495E89-37B1-47B7-A4E7-EDDD0195C3CC} = {26A8A11D-DEAA-4612-AF82-59D6ED6D79C3}
		{374E2EFC-B6C6-4B65-B28A-60F8A836195C} = {26A8A11D-DEAA-4612-AF82-59D6ED6D79C3}
		{CC69AA02-5106-4662-A1AC-5B594A7627E2} = {26A8A11D-DEAA-4612-AF82-59D6ED6D79C3}
		{B0973C5F-6506-4B36-B125-A1A037E8200E} = {26A8A11D-DEAA-4612-AF82-59D6ED6D79C3}
		{92C4E576-22E5-441A-A756-F8ED1BABA975} = {26A8A11D-DEAA-4612-AF82-59D6ED6D79C3}
		{86E1AC38-D50D-4EA2-B85E-8D59EEDA30A4} = {26A8A11D-DEAA-4612-AF82-59D6ED6D79C3}
		{190BA7E6-37D3-4CE7-80B4-C6A5A5A7FC49} = {26A8A11D-DEAA-4612-AF82-59D6ED6D79C3}
		{9763C039-DE1B-47DC-AEEB-54B534A82441} = {26A8A11D-DEAA-4612-AF82-59D6ED6D79C3}
		{AA0C9841-4E17-4346-A8B9-3E8753C6E38A} = {26A8A11D-DEAA-4612-AF82-59D6ED6D79C3}
		{33B3F9D8-51C5-4161-9825-977B4094945B} = {26A8A11D-DEAA-4612-AF82-59D6ED6D79C3}
		{11B33CC8-A4E6-4A5E-9766-9B2ABACE541D} = {26A8A11D-DEAA-4612-AF82-59D6ED6D79C3}
		{5758F5AD-0BA2-4E5F-991C-6E0BF0DFE96A} = {26A8A11D-DEAA-4612-AF82-59D6ED6D79C3}
		{4AB8391D-9E63-433A-BFA2-FD3C376DA3DF} = {26A8A11D-DEAA-4612-AF82-59D6ED6D79C3}
		{73200CA8-8911-4EE5-AEE5-89EACF232D99} = {26A8A11D-DEAA-4612-AF82-59D6ED6D79C3}
		{546C5103-9DEA-4389-B4F0-025A9D994F0F} = {26A8A11D-DEAA-4612-AF82-59D6ED6D79C3}
		{A9B04FF1-DABE-4D19-9DFD-1C3617D8445C} = {26A8A11D-DEAA-4612-AF82-59D6ED6D79C3}
		{5759ED4A-33D7-4940-B114-700528AA744A} = {26A8A11D-DEAA-4612-AF82-59D6ED6D79C3}
		{5634ADE6-866B-4710-B091-2BF3441FB530} = {E12F2C65-94B2-415F-946E-8C875BDA7D9D}
		{3A024430-8353-4E1E-A925-90D122C1CD36} = {E12F2C65-94B2-415F-946E-8C875BDA7D9D}
		{33D638C7-5EE8-4B3D-975F-DAE4ACD03F86} = {E12F2C65-94B2-415F-946E-8C875BDA7D9D}
		{299B6491-021E-41C7-A18E-43D49B26B29E} = {E12F2C65-94B2-415F-946E-8C875BDA7D9D}
		{D0F2B147-AB38-447A-864A-2B1C7E46047A} = {E12F2C65-94B2-415F-946E-8C875BDA7D9D}
		{A208FBB3-2990-4767-B9BB-478060FCC57D} = {E12F2C65-94B2-415F-946E-8C875BDA7D9D}
		{F3FF3F1B-0246-4263-B3B2-1568DD4E5E90} = {E12F2C65-94B2-415F-946E-8C875BDA7D9D}
		{9514C860-6A40-420F-9EF9-8BD541C6B845} = {E12F2C65-94B2-415F-946E-8C875BDA7D9D}
		{D4A13919-3776-4100-BB31-A59407CAC0B9} = {E12F2C65-94B2-415F-946E-8C875BDA7D9D}
		{6754F0FB-E43B-4002-855B-6FD5802B6926} = {E12F2C65-94B2-415F-946E-8C875BDA7D9D}
		{5F675D0A-EE37-467C-8B61-4E40FCD214B3} = {E12F2C65-94B2-415F-946E-8C875BDA7D9D}
		{C0B12C8F-4C3E-4113-9212-5D1E7290D611} = {E12F2C65-94B2-415F-946E-8C875BDA7D9D}
		{505118F5-2C44-43F9-A078-31067BA15565} = {E12F2C65-94B2-415F-946E-8C875BDA7D9D}
		{442E7350-A758-48EB-BD6D-0803E811AC23} = {E12F2C65-94B2-415F-946E-8C875BDA7D9D}
		{27353C5E-3D5A-4D8E-ABBE-27770CB30DB2} = {E12F2C65-94B2-415F-946E-8C875BDA7D9D}
		{86F3BBEE-99F1-4A92-B55D-CDF044F82CF1} = {E12F2C65-94B2-415F-946E-8C875BDA7D9D}
		{468A4098-C303-4A4A-BBB5-D2DB3A14960B} = {E12F2C65-94B2-415F-946E-8C875BDA7D9D}
		{FCA6E73A-7C0E-47C2-997C-FCD0EA9726A4} = {E12F2C65-94B2-415F-946E-8C875BDA7D9D}
		{00A8CAB3-621B-4A29-82A0-9C085E936BB4} = {E12F2C65-94B2-415F-946E-8C875BDA7D9D}
		{66766C00-9576-4CE2-AF16-BA237C4A7D62} = {E12F2C65-94B2-415F-946E-8C875BDA7D9D}
		{F0E39357-7A6E-43B0-86F7-432FA26FB9FD} = {E12F2C65-94B2-415F-946E-8C875BDA7D9D}
		{F50D0D36-FC57-47DA-8173-A3026C391E64} = {E12F2C65-94B2-415F-946E-8C875BDA7D9D}
		{144B770E-7482-491C-B727-E57AB0B25BBE} = {E12F2C65-94B2-415F-946E-8C875BDA7D9D}
		{E512CD32-996C-4586-A44C-E7198A822F24} = {E12F2C65-94B2-415F-946E-8C875BDA7D9D}
		{AEC88282-8507-4AAE-AF51-AFB7E3DA751E} = {E12F2C65-94B2-415F-946E-8C875BDA7D9D}
		{704CDFA6-1F2E-44E4-8050-FD8330D6C569} = {88B692D4-9451-48A6-826B-D14343EF87A9}
		{B67605A0-09D3-47AD-B13A-1986FE0A87FC} = {88B692D4-9451-48A6-826B-D14343EF87A9}
		{1724A4DF-69B8-4647-9B7A-165143045855} = {88B692D4-9451-48A6-826B-D14343EF87A9}
		{7BB410A8-AA78-4EED-B6DF-BE0944655F2F} = {88B692D4-9451-48A6-826B-D14343EF87A9}
		{07928964-5B81-472A-8048-1E9BD5FF8987} = {88B692D4-9451-48A6-826B-D14343EF87A9}
		{87BE88B9-D82E-47BD-A9DA-FD60A5EE2775} = {88B692D4-9451-48A6-826B-D14343EF87A9}
		{309BB1A4-CBEA-488F-8C85-3F5BB945D315} = {88B692D4-9451-48A6-826B-D14343EF87A9}
		{EA16CBF2-DFF1-4EAD-BBE1-9029968E4341} = {88B692D4-9451-48A6-826B-D14343EF87A9}
		{6E23CCC4-1334-40FC-AA05-DAEE84291566} = {88B692D4-9451-48A6-826B-D14343EF87A9}
		{9681D3B5-C46D-47D2-BBCD-48E6B4C3D020} = {88B692D4-9451-48A6-826B-D14343EF87A9}
		{B6F2ED54-8AEF-4202-98CA-0F24B5F35425} = {88B692D4-9451-48A6-826B-D14343EF87A9}
		{762909BC-7FE1-4A41-81AC-B8A960B4D389} = {88B692D4-9451-48A6-826B-D14343EF87A9}
		{6109D0CA-3F6B-406B-BE90-8159DCD47D82} = {88B692D4-9451-48A6-826B-D14343EF87A9}
		{A302F280-F1E6-4A15-B92C-7CA3B8A5827E} = {88B692D4-9451-48A6-826B-D14343EF87A9}
		{8F776905-5FFF-4FB1-A9F0-196415F532A8} = {88B692D4-9451-48A6-826B-D14343EF87A9}
		{DA1442C0-8935-4749-ADEE-BD4B7EF9D70F} = {88B692D4-9451-48A6-826B-D14343EF87A9}
		{FE3F2E17-BDF2-4F88-B108-88E089E83D79} = {88B692D4-9451-48A6-826B-D14343EF87A9}
		{5964C30F-EFA1-4963-8025-BD77ED2B6837} = {88B692D4-9451-48A6-826B-D14343EF87A9}
		{FE996B3C-B5BA-491F-B18B-274DDBA42A39} = {88B692D4-9451-48A6-826B-D14343EF87A9}
		{5D8890E9-DB9A-4763-96B0-2F0ABEF5DD3D} = {88B692D4-9451-48A6-826B-D14343EF87A9}
		{3D457EE1-C9A9-45F5-8774-E3C7DDF3922A} = {88B692D4-9451-48A6-826B-D14343EF87A9}
		{24BE587C-D80F-4BA6-B0D4-77155A0BB3E5} = {88B692D4-9451-48A6-826B-D14343EF87A9}
		{5839986A-892B-4719-ACAA-B161C4FD39B9} = {88B692D4-9451-48A6-826B-D14343EF87A9}
		{F7CF9F56-09BC-4354-9A7B-C66916520517} = {88B692D4-9451-48A6-826B-D14343EF87A9}
		{0BD994C2-4691-4FAA-AF15-67C63F0AEFD0} = {88B692D4-9451-48A6-826B-D14343EF87A9}
	EndGlobalSection
EndGlobal
